// !$*UTF8*$!
{
	archiveVersion = 1;
	classes = {
	};
	objectVersion = 77;
	objects = {

/* Begin PBXContainerItemProxy section */
		3F8395492CA7695400D19F9C /* PBXContainerItemProxy */ = {
			isa = PBXContainerItemProxy;
			containerPortal = 3F83952D2CA7695200D19F9C /* Project object */;
			proxyType = 1;
			remoteGlobalIDString = 3F8395342CA7695200D19F9C;
			remoteInfo = "SwiftUI-Xcode-Template";
		};
		3F8395532CA7695400D19F9C /* PBXContainerItemProxy */ = {
			isa = PBXContainerItemProxy;
			containerPortal = 3F83952D2CA7695200D19F9C /* Project object */;
			proxyType = 1;
			remoteGlobalIDString = 3F8395342CA7695200D19F9C;
			remoteInfo = "SwiftUI-Xcode-Template";
		};
/* End PBXContainerItemProxy section */

/* Begin PBXFileReference section */
		3F8395352CA7695200D19F9C /* SwiftUI-Xcode-Template.app */ = {isa = PBXFileReference; explicitFileType = wrapper.application; includeInIndex = 0; path = "SwiftUI-Xcode-Template.app"; sourceTree = BUILT_PRODUCTS_DIR; };
		3F8395482CA7695400D19F9C /* SwiftUI-Xcode-TemplateTests.xctest */ = {isa = PBXFileReference; explicitFileType = wrapper.cfbundle; includeInIndex = 0; path = "SwiftUI-Xcode-TemplateTests.xctest"; sourceTree = BUILT_PRODUCTS_DIR; };
		3F8395522CA7695400D19F9C /* SwiftUI-Xcode-TemplateUITests.xctest */ = {isa = PBXFileReference; explicitFileType = wrapper.cfbundle; includeInIndex = 0; path = "SwiftUI-Xcode-TemplateUITests.xctest"; sourceTree = BUILT_PRODUCTS_DIR; };
/* End PBXFileReference section */

/* Begin PBXFileSystemSynchronizedRootGroup section */
		3F8395372CA7695200D19F9C /* SwiftUI-Xcode-Template */ = {
			isa = PBXFileSystemSynchronizedRootGroup;
			path = "SwiftUI-Xcode-Template";
			sourceTree = "<group>";
		};
		3F83954B2CA7695400D19F9C /* SwiftUI-Xcode-TemplateTests */ = {
			isa = PBXFileSystemSynchronizedRootGroup;
			path = "SwiftUI-Xcode-TemplateTests";
			sourceTree = "<group>";
		};
		3F8395552CA7695400D19F9C /* SwiftUI-Xcode-TemplateUITests */ = {
			isa = PBXFileSystemSynchronizedRootGroup;
			path = "SwiftUI-Xcode-TemplateUITests";
			sourceTree = "<group>";
		};
/* End PBXFileSystemSynchronizedRootGroup section */

/* Begin PBXFrameworksBuildPhase section */
		3F8395322CA7695200D19F9C /* Frameworks */ = {
			isa = PBXFrameworksBuildPhase;
			buildActionMask = 2147483647;
			files = (
			);
			runOnlyForDeploymentPostprocessing = 0;
		};
		3F8395452CA7695400D19F9C /* Frameworks */ = {
			isa = PBXFrameworksBuildPhase;
			buildActionMask = 2147483647;
			files = (
			);
			runOnlyForDeploymentPostprocessing = 0;
		};
		3F83954F2CA7695400D19F9C /* Frameworks */ = {
			isa = PBXFrameworksBuildPhase;
			buildActionMask = 2147483647;
			files = (
			);
			runOnlyForDeploymentPostprocessing = 0;
		};
/* End PBXFrameworksBuildPhase section */

/* Begin PBXGroup section */
		3F83952C2CA7695200D19F9C = {
			isa = PBXGroup;
			children = (
				3F8395372CA7695200D19F9C /* SwiftUI-Xcode-Template */,
				3F83954B2CA7695400D19F9C /* SwiftUI-Xcode-TemplateTests */,
				3F8395552CA7695400D19F9C /* SwiftUI-Xcode-TemplateUITests */,
				3F8395362CA7695200D19F9C /* Products */,
			);
			sourceTree = "<group>";
		};
		3F8395362CA7695200D19F9C /* Products */ = {
			isa = PBXGroup;
			children = (
				3F8395352CA7695200D19F9C /* SwiftUI-Xcode-Template.app */,
				3F8395482CA7695400D19F9C /* SwiftUI-Xcode-TemplateTests.xctest */,
				3F8395522CA7695400D19F9C /* SwiftUI-Xcode-TemplateUITests.xctest */,
			);
			name = Products;
			sourceTree = "<group>";
		};
/* End PBXGroup section */

/* Begin PBXNativeTarget section */
		3F8395342CA7695200D19F9C /* SwiftUI-Xcode-Template */ = {
			isa = PBXNativeTarget;
			buildConfigurationList = 3F83955C2CA7695400D19F9C /* Build configuration list for PBXNativeTarget "SwiftUI-Xcode-Template" */;
			buildPhases = (
				3F8395312CA7695200D19F9C /* Sources */,
				3F8395322CA7695200D19F9C /* Frameworks */,
				3F8395332CA7695200D19F9C /* Resources */,
			);
			buildRules = (
			);
			dependencies = (
			);
			fileSystemSynchronizedGroups = (
				3F8395372CA7695200D19F9C /* SwiftUI-Xcode-Template */,
			);
			name = "SwiftUI-Xcode-Template";
			packageProductDependencies = (
			);
			productName = "SwiftUI-Xcode-Template";
			productReference = 3F8395352CA7695200D19F9C /* SwiftUI-Xcode-Template.app */;
			productType = "com.apple.product-type.application";
		};
		3F8395472CA7695400D19F9C /* SwiftUI-Xcode-TemplateTests */ = {
			isa = PBXNativeTarget;
			buildConfigurationList = 3F83955F2CA7695400D19F9C /* Build configuration list for PBXNativeTarget "SwiftUI-Xcode-TemplateTests" */;
			buildPhases = (
				3F8395442CA7695400D19F9C /* Sources */,
				3F8395452CA7695400D19F9C /* Frameworks */,
				3F8395462CA7695400D19F9C /* Resources */,
			);
			buildRules = (
			);
			dependencies = (
				3F83954A2CA7695400D19F9C /* PBXTargetDependency */,
			);
			fileSystemSynchronizedGroups = (
				3F83954B2CA7695400D19F9C /* SwiftUI-Xcode-TemplateTests */,
			);
			name = "SwiftUI-Xcode-TemplateTests";
			packageProductDependencies = (
			);
			productName = "SwiftUI-Xcode-TemplateTests";
			productReference = 3F8395482CA7695400D19F9C /* SwiftUI-Xcode-TemplateTests.xctest */;
			productType = "com.apple.product-type.bundle.unit-test";
		};
		3F8395512CA7695400D19F9C /* SwiftUI-Xcode-TemplateUITests */ = {
			isa = PBXNativeTarget;
			buildConfigurationList = 3F8395622CA7695400D19F9C /* Build configuration list for PBXNativeTarget "SwiftUI-Xcode-TemplateUITests" */;
			buildPhases = (
				3F83954E2CA7695400D19F9C /* Sources */,
				3F83954F2CA7695400D19F9C /* Frameworks */,
				3F8395502CA7695400D19F9C /* Resources */,
			);
			buildRules = (
			);
			dependencies = (
				3F8395542CA7695400D19F9C /* PBXTargetDependency */,
			);
			fileSystemSynchronizedGroups = (
				3F8395552CA7695400D19F9C /* SwiftUI-Xcode-TemplateUITests */,
			);
			name = "SwiftUI-Xcode-TemplateUITests";
			packageProductDependencies = (
			);
			productName = "SwiftUI-Xcode-TemplateUITests";
			productReference = 3F8395522CA7695400D19F9C /* SwiftUI-Xcode-TemplateUITests.xctest */;
			productType = "com.apple.product-type.bundle.ui-testing";
		};
/* End PBXNativeTarget section */

/* Begin PBXProject section */
		3F83952D2CA7695200D19F9C /* Project object */ = {
			isa = PBXProject;
			attributes = {
				BuildIndependentTargetsInParallel = 1;
				LastSwiftUpdateCheck = 1600;
				LastUpgradeCheck = 1600;
				TargetAttributes = {
					3F8395342CA7695200D19F9C = {
						CreatedOnToolsVersion = 16.0;
					};
					3F8395472CA7695400D19F9C = {
						CreatedOnToolsVersion = 16.0;
						TestTargetID = 3F8395342CA7695200D19F9C;
					};
					3F8395512CA7695400D19F9C = {
						CreatedOnToolsVersion = 16.0;
						TestTargetID = 3F8395342CA7695200D19F9C;
					};
				};
			};
			buildConfigurationList = 3F8395302CA7695200D19F9C /* Build configuration list for PBXProject "SwiftUI-Xcode-Template" */;
			developmentRegion = en;
			hasScannedForEncodings = 0;
			knownRegions = (
				en,
				Base,
			);
			mainGroup = 3F83952C2CA7695200D19F9C;
			minimizedProjectReferenceProxies = 1;
			preferredProjectObjectVersion = 77;
			productRefGroup = 3F8395362CA7695200D19F9C /* Products */;
			projectDirPath = "";
			projectRoot = "";
			targets = (
				3F8395342CA7695200D19F9C /* SwiftUI-Xcode-Template */,
				3F8395472CA7695400D19F9C /* SwiftUI-Xcode-TemplateTests */,
				3F8395512CA7695400D19F9C /* SwiftUI-Xcode-TemplateUITests */,
			);
		};
/* End PBXProject section */

/* Begin PBXResourcesBuildPhase section */
		3F8395332CA7695200D19F9C /* Resources */ = {
			isa = PBXResourcesBuildPhase;
			buildActionMask = 2147483647;
			files = (
			);
			runOnlyForDeploymentPostprocessing = 0;
		};
		3F8395462CA7695400D19F9C /* Resources */ = {
			isa = PBXResourcesBuildPhase;
			buildActionMask = 2147483647;
			files = (
			);
			runOnlyForDeploymentPostprocessing = 0;
		};
		3F8395502CA7695400D19F9C /* Resources */ = {
			isa = PBXResourcesBuildPhase;
			buildActionMask = 2147483647;
			files = (
			);
			runOnlyForDeploymentPostprocessing = 0;
		};
/* End PBXResourcesBuildPhase section */

/* Begin PBXSourcesBuildPhase section */
		3F8395312CA7695200D19F9C /* Sources */ = {
			isa = PBXSourcesBuildPhase;
			buildActionMask = 2147483647;
			files = (
			);
			runOnlyForDeploymentPostprocessing = 0;
		};
		3F8395442CA7695400D19F9C /* Sources */ = {
			isa = PBXSourcesBuildPhase;
			buildActionMask = 2147483647;
			files = (
			);
			runOnlyForDeploymentPostprocessing = 0;
		};
		3F83954E2CA7695400D19F9C /* Sources */ = {
			isa = PBXSourcesBuildPhase;
			buildActionMask = 2147483647;
			files = (
			);
			runOnlyForDeploymentPostprocessing = 0;
		};
/* End PBXSourcesBuildPhase section */

/* Begin PBXTargetDependency section */
		3F83954A2CA7695400D19F9C /* PBXTargetDependency */ = {
			isa = PBXTargetDependency;
			target = 3F8395342CA7695200D19F9C /* SwiftUI-Xcode-Template */;
			targetProxy = 3F8395492CA7695400D19F9C /* PBXContainerItemProxy */;
		};
		3F8395542CA7695400D19F9C /* PBXTargetDependency */ = {
			isa = PBXTargetDependency;
			target = 3F8395342CA7695200D19F9C /* SwiftUI-Xcode-Template */;
			targetProxy = 3F8395532CA7695400D19F9C /* PBXContainerItemProxy */;
		};
/* End PBXTargetDependency section */

/* Begin XCBuildConfiguration section */
		3F83955A2CA7695400D19F9C /* Debug */ = {
			isa = XCBuildConfiguration;
			buildSettings = {
				ALWAYS_SEARCH_USER_PATHS = NO;
				ASSETCATALOG_COMPILER_GENERATE_SWIFT_ASSET_SYMBOL_EXTENSIONS = YES;
				CLANG_ANALYZER_NONNULL = YES;
				CLANG_ANALYZER_NUMBER_OBJECT_CONVERSION = YES_AGGRESSIVE;
				CLANG_CXX_LANGUAGE_STANDARD = "gnu++20";
				CLANG_ENABLE_MODULES = YES;
				CLANG_ENABLE_OBJC_ARC = YES;
				CLANG_ENABLE_OBJC_WEAK = YES;
				CLANG_WARN_BLOCK_CAPTURE_AUTORELEASING = YES;
				CLANG_WARN_BOOL_CONVERSION = YES;
				CLANG_WARN_COMMA = YES;
				CLANG_WARN_CONSTANT_CONVERSION = YES;
				CLANG_WARN_DEPRECATED_OBJC_IMPLEMENTATIONS = YES;
				CLANG_WARN_DIRECT_OBJC_ISA_USAGE = YES_ERROR;
				CLANG_WARN_DOCUMENTATION_COMMENTS = YES;
				CLANG_WARN_EMPTY_BODY = YES;
				CLANG_WARN_ENUM_CONVERSION = YES;
				CLANG_WARN_INFINITE_RECURSION = YES;
				CLANG_WARN_INT_CONVERSION = YES;
				CLANG_WARN_NON_LITERAL_NULL_CONVERSION = YES;
				CLANG_WARN_OBJC_IMPLICIT_RETAIN_SELF = YES;
				CLANG_WARN_OBJC_LITERAL_CONVERSION = YES;
				CLANG_WARN_OBJC_ROOT_CLASS = YES_ERROR;
				CLANG_WARN_QUOTED_INCLUDE_IN_FRAMEWORK_HEADER = YES;
				CLANG_WARN_RANGE_LOOP_ANALYSIS = YES;
				CLANG_WARN_STRICT_PROTOTYPES = YES;
				CLANG_WARN_SUSPICIOUS_MOVE = YES;
				CLANG_WARN_UNGUARDED_AVAILABILITY = YES_AGGRESSIVE;
				CLANG_WARN_UNREACHABLE_CODE = YES;
				CLANG_WARN__DUPLICATE_METHOD_MATCH = YES;
				COPY_PHASE_STRIP = NO;
				DEBUG_INFORMATION_FORMAT = dwarf;
				ENABLE_STRICT_OBJC_MSGSEND = YES;
				ENABLE_TESTABILITY = YES;
				ENABLE_USER_SCRIPT_SANDBOXING = YES;
				GCC_C_LANGUAGE_STANDARD = gnu17;
				GCC_DYNAMIC_NO_PIC = NO;
				GCC_NO_COMMON_BLOCKS = YES;
				GCC_OPTIMIZATION_LEVEL = 0;
				GCC_PREPROCESSOR_DEFINITIONS = (
					"DEBUG=1",
					"$(inherited)",
				);
				GCC_WARN_64_TO_32_BIT_CONVERSION = YES;
				GCC_WARN_ABOUT_RETURN_TYPE = YES_ERROR;
				GCC_WARN_UNDECLARED_SELECTOR = YES;
				GCC_WARN_UNINITIALIZED_AUTOS = YES_AGGRESSIVE;
				GCC_WARN_UNUSED_FUNCTION = YES;
				GCC_WARN_UNUSED_VARIABLE = YES;
				LOCALIZATION_PREFERS_STRING_CATALOGS = YES;
				MTL_ENABLE_DEBUG_INFO = INCLUDE_SOURCE;
				MTL_FAST_MATH = YES;
				ONLY_ACTIVE_ARCH = YES;
				SWIFT_ACTIVE_COMPILATION_CONDITIONS = "DEBUG $(inherited)";
				SWIFT_OPTIMIZATION_LEVEL = "-Onone";
			};
			name = Debug;
		};
		3F83955B2CA7695400D19F9C /* Release */ = {
			isa = XCBuildConfiguration;
			buildSettings = {
				ALWAYS_SEARCH_USER_PATHS = NO;
				ASSETCATALOG_COMPILER_GENERATE_SWIFT_ASSET_SYMBOL_EXTENSIONS = YES;
				CLANG_ANALYZER_NONNULL = YES;
				CLANG_ANALYZER_NUMBER_OBJECT_CONVERSION = YES_AGGRESSIVE;
				CLANG_CXX_LANGUAGE_STANDARD = "gnu++20";
				CLANG_ENABLE_MODULES = YES;
				CLANG_ENABLE_OBJC_ARC = YES;
				CLANG_ENABLE_OBJC_WEAK = YES;
				CLANG_WARN_BLOCK_CAPTURE_AUTORELEASING = YES;
				CLANG_WARN_BOOL_CONVERSION = YES;
				CLANG_WARN_COMMA = YES;
				CLANG_WARN_CONSTANT_CONVERSION = YES;
				CLANG_WARN_DEPRECATED_OBJC_IMPLEMENTATIONS = YES;
				CLANG_WARN_DIRECT_OBJC_ISA_USAGE = YES_ERROR;
				CLANG_WARN_DOCUMENTATION_COMMENTS = YES;
				CLANG_WARN_EMPTY_BODY = YES;
				CLANG_WARN_ENUM_CONVERSION = YES;
				CLANG_WARN_INFINITE_RECURSION = YES;
				CLANG_WARN_INT_CONVERSION = YES;
				CLANG_WARN_NON_LITERAL_NULL_CONVERSION = YES;
				CLANG_WARN_OBJC_IMPLICIT_RETAIN_SELF = YES;
				CLANG_WARN_OBJC_LITERAL_CONVERSION = YES;
				CLANG_WARN_OBJC_ROOT_CLASS = YES_ERROR;
				CLANG_WARN_QUOTED_INCLUDE_IN_FRAMEWORK_HEADER = YES;
				CLANG_WARN_RANGE_LOOP_ANALYSIS = YES;
				CLANG_WARN_STRICT_PROTOTYPES = YES;
				CLANG_WARN_SUSPICIOUS_MOVE = YES;
				CLANG_WARN_UNGUARDED_AVAILABILITY = YES_AGGRESSIVE;
				CLANG_WARN_UNREACHABLE_CODE = YES;
				CLANG_WARN__DUPLICATE_METHOD_MATCH = YES;
				COPY_PHASE_STRIP = NO;
				DEBUG_INFORMATION_FORMAT = "dwarf-with-dsym";
				ENABLE_NS_ASSERTIONS = NO;
				ENABLE_STRICT_OBJC_MSGSEND = YES;
				ENABLE_USER_SCRIPT_SANDBOXING = YES;
				GCC_C_LANGUAGE_STANDARD = gnu17;
				GCC_NO_COMMON_BLOCKS = YES;
				GCC_WARN_64_TO_32_BIT_CONVERSION = YES;
				GCC_WARN_ABOUT_RETURN_TYPE = YES_ERROR;
				GCC_WARN_UNDECLARED_SELECTOR = YES;
				GCC_WARN_UNINITIALIZED_AUTOS = YES_AGGRESSIVE;
				GCC_WARN_UNUSED_FUNCTION = YES;
				GCC_WARN_UNUSED_VARIABLE = YES;
				LOCALIZATION_PREFERS_STRING_CATALOGS = YES;
				MTL_ENABLE_DEBUG_INFO = NO;
				MTL_FAST_MATH = YES;
				SWIFT_COMPILATION_MODE = wholemodule;
			};
			name = Release;
		};
		3F83955D2CA7695400D19F9C /* Debug */ = {
			isa = XCBuildConfiguration;
			buildSettings = {
				ASSETCATALOG_COMPILER_APPICON_NAME = AppIcon;
				ASSETCATALOG_COMPILER_GLOBAL_ACCENT_COLOR_NAME = AccentColor;
				CODE_SIGN_ENTITLEMENTS = "SwiftUI-Xcode-Template/SwiftUI_Xcode_Template.entitlements";
				CODE_SIGN_STYLE = Automatic;
				CURRENT_PROJECT_VERSION = 1;
				DEVELOPMENT_ASSET_PATHS = "\"SwiftUI-Xcode-Template/Preview Content\"";
				ENABLE_PREVIEWS = YES;
				GENERATE_INFOPLIST_FILE = YES;
				"INFOPLIST_KEY_UIApplicationSceneManifest_Generation[sdk=iphoneos*]" = YES;
				"INFOPLIST_KEY_UIApplicationSceneManifest_Generation[sdk=iphonesimulator*]" = YES;
				"INFOPLIST_KEY_UIApplicationSupportsIndirectInputEvents[sdk=iphoneos*]" = YES;
				"INFOPLIST_KEY_UIApplicationSupportsIndirectInputEvents[sdk=iphonesimulator*]" = YES;
				"INFOPLIST_KEY_UILaunchScreen_Generation[sdk=iphoneos*]" = YES;
				"INFOPLIST_KEY_UILaunchScreen_Generation[sdk=iphonesimulator*]" = YES;
				"INFOPLIST_KEY_UIStatusBarStyle[sdk=iphoneos*]" = UIStatusBarStyleDefault;
				"INFOPLIST_KEY_UIStatusBarStyle[sdk=iphonesimulator*]" = UIStatusBarStyleDefault;
				INFOPLIST_KEY_UISupportedInterfaceOrientations_iPad = "UIInterfaceOrientationPortrait UIInterfaceOrientationPortraitUpsideDown UIInterfaceOrientationLandscapeLeft UIInterfaceOrientationLandscapeRight";
				INFOPLIST_KEY_UISupportedInterfaceOrientations_iPhone = "UIInterfaceOrientationPortrait UIInterfaceOrientationLandscapeLeft UIInterfaceOrientationLandscapeRight";
				IPHONEOS_DEPLOYMENT_TARGET = 18.0;
				LD_RUNPATH_SEARCH_PATHS = "@executable_path/Frameworks";
				"LD_RUNPATH_SEARCH_PATHS[sdk=macosx*]" = "@executable_path/../Frameworks";
				MACOSX_DEPLOYMENT_TARGET = 14.0;
				MARKETING_VERSION = 1.0;
				PRODUCT_BUNDLE_IDENTIFIER = "examples.giolodi.SwiftUI-Xcode-Template";
				PRODUCT_NAME = "$(TARGET_NAME)";
				SDKROOT = auto;
				SUPPORTED_PLATFORMS = "iphoneos iphonesimulator macosx xros xrsimulator";
				SWIFT_EMIT_LOC_STRINGS = YES;
				SWIFT_VERSION = 5.0;
				TARGETED_DEVICE_FAMILY = "1,2,7";
				XROS_DEPLOYMENT_TARGET = 2.0;
			};
			name = Debug;
		};
		3F83955E2CA7695400D19F9C /* Release */ = {
			isa = XCBuildConfiguration;
			buildSettings = {
				ASSETCATALOG_COMPILER_APPICON_NAME = AppIcon;
				ASSETCATALOG_COMPILER_GLOBAL_ACCENT_COLOR_NAME = AccentColor;
				CODE_SIGN_ENTITLEMENTS = "SwiftUI-Xcode-Template/SwiftUI_Xcode_Template.entitlements";
				CODE_SIGN_STYLE = Automatic;
				CURRENT_PROJECT_VERSION = 1;
				DEVELOPMENT_ASSET_PATHS = "\"SwiftUI-Xcode-Template/Preview Content\"";
				ENABLE_PREVIEWS = YES;
				GENERATE_INFOPLIST_FILE = YES;
				"INFOPLIST_KEY_UIApplicationSceneManifest_Generation[sdk=iphoneos*]" = YES;
				"INFOPLIST_KEY_UIApplicationSceneManifest_Generation[sdk=iphonesimulator*]" = YES;
				"INFOPLIST_KEY_UIApplicationSupportsIndirectInputEvents[sdk=iphoneos*]" = YES;
				"INFOPLIST_KEY_UIApplicationSupportsIndirectInputEvents[sdk=iphonesimulator*]" = YES;
				"INFOPLIST_KEY_UILaunchScreen_Generation[sdk=iphoneos*]" = YES;
				"INFOPLIST_KEY_UILaunchScreen_Generation[sdk=iphonesimulator*]" = YES;
				"INFOPLIST_KEY_UIStatusBarStyle[sdk=iphoneos*]" = UIStatusBarStyleDefault;
				"INFOPLIST_KEY_UIStatusBarStyle[sdk=iphonesimulator*]" = UIStatusBarStyleDefault;
				INFOPLIST_KEY_UISupportedInterfaceOrientations_iPad = "UIInterfaceOrientationPortrait UIInterfaceOrientationPortraitUpsideDown UIInterfaceOrientationLandscapeLeft UIInterfaceOrientationLandscapeRight";
				INFOPLIST_KEY_UISupportedInterfaceOrientations_iPhone = "UIInterfaceOrientationPortrait UIInterfaceOrientationLandscapeLeft UIInterfaceOrientationLandscapeRight";
				IPHONEOS_DEPLOYMENT_TARGET = 18.0;
				LD_RUNPATH_SEARCH_PATHS = "@executable_path/Frameworks";
				"LD_RUNPATH_SEARCH_PATHS[sdk=macosx*]" = "@executable_path/../Frameworks";
				MACOSX_DEPLOYMENT_TARGET = 14.0;
				MARKETING_VERSION = 1.0;
				PRODUCT_BUNDLE_IDENTIFIER = "examples.giolodi.SwiftUI-Xcode-Template";
				PRODUCT_NAME = "$(TARGET_NAME)";
				SDKROOT = auto;
				SUPPORTED_PLATFORMS = "iphoneos iphonesimulator macosx xros xrsimulator";
				SWIFT_EMIT_LOC_STRINGS = YES;
				SWIFT_VERSION = 5.0;
				TARGETED_DEVICE_FAMILY = "1,2,7";
				XROS_DEPLOYMENT_TARGET = 2.0;
			};
			name = Release;
		};
		3F8395602CA7695400D19F9C /* Debug */ = {
			isa = XCBuildConfiguration;
			buildSettings = {
				BUNDLE_LOADER = "$(TEST_HOST)";
				CODE_SIGN_STYLE = Automatic;
				CURRENT_PROJECT_VERSION = 1;
				GENERATE_INFOPLIST_FILE = YES;
				IPHONEOS_DEPLOYMENT_TARGET = 18.0;
				MACOSX_DEPLOYMENT_TARGET = 14.7;
				MARKETING_VERSION = 1.0;
				PRODUCT_BUNDLE_IDENTIFIER = "examples.giolodi.SwiftUI-Xcode-TemplateTests";
				PRODUCT_NAME = "$(TARGET_NAME)";
				SDKROOT = auto;
				SUPPORTED_PLATFORMS = "iphoneos iphonesimulator macosx xros xrsimulator";
				SWIFT_EMIT_LOC_STRINGS = NO;
				SWIFT_VERSION = 5.0;
				TARGETED_DEVICE_FAMILY = "1,2,7";
				TEST_HOST = "$(BUILT_PRODUCTS_DIR)/SwiftUI-Xcode-Template.app/$(BUNDLE_EXECUTABLE_FOLDER_PATH)/SwiftUI-Xcode-Template";
				XROS_DEPLOYMENT_TARGET = 2.0;
			};
			name = Debug;
		};
		3F8395612CA7695400D19F9C /* Release */ = {
			isa = XCBuildConfiguration;
			buildSettings = {
				BUNDLE_LOADER = "$(TEST_HOST)";
				CODE_SIGN_STYLE = Automatic;
				CURRENT_PROJECT_VERSION = 1;
				GENERATE_INFOPLIST_FILE = YES;
				IPHONEOS_DEPLOYMENT_TARGET = 18.0;
				MACOSX_DEPLOYMENT_TARGET = 14.7;
				MARKETING_VERSION = 1.0;
				PRODUCT_BUNDLE_IDENTIFIER = "examples.giolodi.SwiftUI-Xcode-TemplateTests";
				PRODUCT_NAME = "$(TARGET_NAME)";
				SDKROOT = auto;
				SUPPORTED_PLATFORMS = "iphoneos iphonesimulator macosx xros xrsimulator";
				SWIFT_EMIT_LOC_STRINGS = NO;
				SWIFT_VERSION = 5.0;
				TARGETED_DEVICE_FAMILY = "1,2,7";
				TEST_HOST = "$(BUILT_PRODUCTS_DIR)/SwiftUI-Xcode-Template.app/$(BUNDLE_EXECUTABLE_FOLDER_PATH)/SwiftUI-Xcode-Template";
				XROS_DEPLOYMENT_TARGET = 2.0;
			};
			name = Release;
		};
		3F8395632CA7695400D19F9C /* Debug */ = {
			isa = XCBuildConfiguration;
			buildSettings = {
				CODE_SIGN_STYLE = Automatic;
				CURRENT_PROJECT_VERSION = 1;
				GENERATE_INFOPLIST_FILE = YES;
				IPHONEOS_DEPLOYMENT_TARGET = 18.0;
				MACOSX_DEPLOYMENT_TARGET = 14.7;
				MARKETING_VERSION = 1.0;
				PRODUCT_BUNDLE_IDENTIFIER = "examples.giolodi.SwiftUI-Xcode-TemplateUITests";
				PRODUCT_NAME = "$(TARGET_NAME)";
				SDKROOT = auto;
				SUPPORTED_PLATFORMS = "iphoneos iphonesimulator macosx xros xrsimulator";
				SWIFT_EMIT_LOC_STRINGS = NO;
				SWIFT_VERSION = 5.0;
				TARGETED_DEVICE_FAMILY = "1,2,7";
				TEST_TARGET_NAME = "SwiftUI-Xcode-Template";
				XROS_DEPLOYMENT_TARGET = 2.0;
			};
			name = Debug;
		};
		3F8395642CA7695400D19F9C /* Release */ = {
			isa = XCBuildConfiguration;
			buildSettings = {
				CODE_SIGN_STYLE = Automatic;
				CURRENT_PROJECT_VERSION = 1;
				GENERATE_INFOPLIST_FILE = YES;
				IPHONEOS_DEPLOYMENT_TARGET = 18.0;
				MACOSX_DEPLOYMENT_TARGET = 14.7;
				MARKETING_VERSION = 1.0;
				PRODUCT_BUNDLE_IDENTIFIER = "examples.giolodi.SwiftUI-Xcode-TemplateUITests";
				PRODUCT_NAME = "$(TARGET_NAME)";
				SDKROOT = auto;
				SUPPORTED_PLATFORMS = "iphoneos iphonesimulator macosx xros xrsimulator";
				SWIFT_EMIT_LOC_STRINGS = NO;
				SWIFT_VERSION = 5.0;
				TARGETED_DEVICE_FAMILY = "1,2,7";
				TEST_TARGET_NAME = "SwiftUI-Xcode-Template";
				XROS_DEPLOYMENT_TARGET = 2.0;
			};
			name = Release;
		};
/* End XCBuildConfiguration section */

/* Begin XCConfigurationList section */
		3F8395302CA7695200D19F9C /* Build configuration list for PBXProject "SwiftUI-Xcode-Template" */ = {
			isa = XCConfigurationList;
			buildConfigurations = (
				3F83955A2CA7695400D19F9C /* Debug */,
				3F83955B2CA7695400D19F9C /* Release */,
			);
			defaultConfigurationIsVisible = 0;
			defaultConfigurationName = Release;
		};
		3F83955C2CA7695400D19F9C /* Build configuration list for PBXNativeTarget "SwiftUI-Xcode-Template" */ = {
			isa = XCConfigurationList;
			buildConfigurations = (
				3F83955D2CA7695400D19F9C /* Debug */,
				3F83955E2CA7695400D19F9C /* Release */,
			);
			defaultConfigurationIsVisible = 0;
			defaultConfigurationName = Release;
		};
		3F83955F2CA7695400D19F9C /* Build configuration list for PBXNativeTarget "SwiftUI-Xcode-TemplateTests" */ = {
			isa = XCConfigurationList;
			buildConfigurations = (
				3F8395602CA7695400D19F9C /* Debug */,
				3F8395612CA7695400D19F9C /* Release */,
			);
			defaultConfigurationIsVisible = 0;
			defaultConfigurationName = Release;
		};
		3F8395622CA7695400D19F9C /* Build configuration list for PBXNativeTarget "SwiftUI-Xcode-TemplateUITests" */ = {
			isa = XCConfigurationList;
			buildConfigurations = (
				3F8395632CA7695400D19F9C /* Debug */,
				3F8395642CA7695400D19F9C /* Release */,
			);
			defaultConfigurationIsVisible = 0;
			defaultConfigurationName = Release;
		};
/* End XCConfigurationList section */
	};
	rootObject = 3F83952D2CA7695200D19F9C /* Project object */;
}
