// !$*UTF8*$!
{
	archiveVersion = 1;
	classes = {
	};
	objectVersion = 60;
	objects = {

/* Begin PBXBuildFile section */
		3FDF49C62C3A9CAB00CFCFDE /* SwiftUI_Xcode_TemplateApp.swift in Sources */ = {isa = PBXBuildFile; fileRef = 3FDF49C52C3A9CAB00CFCFDE /* SwiftUI_Xcode_TemplateApp.swift */; };
		3FDF49C82C3A9CAB00CFCFDE /* ContentView.swift in Sources */ = {isa = PBXBuildFile; fileRef = 3FDF49C72C3A9CAB00CFCFDE /* ContentView.swift */; };
		3FDF49CA2C3A9CAF00CFCFDE /* Assets.xcassets in Resources */ = {isa = PBXBuildFile; fileRef = 3FDF49C92C3A9CAF00CFCFDE /* Assets.xcassets */; };
		3FDF49CD2C3A9CAF00CFCFDE /* Preview Assets.xcassets in Resources */ = {isa = PBXBuildFile; fileRef = 3FDF49CC2C3A9CAF00CFCFDE /* Preview Assets.xcassets */; };
		3FDF49D72C3A9CAF00CFCFDE /* SwiftUI_Xcode_TemplateTests.swift in Sources */ = {isa = PBXBuildFile; fileRef = 3FDF49D62C3A9CAF00CFCFDE /* SwiftUI_Xcode_TemplateTests.swift */; };
		3FDF49E12C3A9CAF00CFCFDE /* SwiftUI_Xcode_TemplateUITests.swift in Sources */ = {isa = PBXBuildFile; fileRef = 3FDF49E02C3A9CAF00CFCFDE /* SwiftUI_Xcode_TemplateUITests.swift */; };
		3FDF49E32C3A9CAF00CFCFDE /* SwiftUI_Xcode_TemplateUITestsLaunchTests.swift in Sources */ = {isa = PBXBuildFile; fileRef = 3FDF49E22C3A9CAF00CFCFDE /* SwiftUI_Xcode_TemplateUITestsLaunchTests.swift */; };
/* End PBXBuildFile section */

/* Begin PBXContainerItemProxy section */
		3FDF49D32C3A9CAF00CFCFDE /* PBXContainerItemProxy */ = {
			isa = PBXContainerItemProxy;
			containerPortal = 3FDF49BA2C3A9CAB00CFCFDE /* Project object */;
			proxyType = 1;
			remoteGlobalIDString = 3FDF49C12C3A9CAB00CFCFDE;
			remoteInfo = "SwiftUI-Xcode-Template";
		};
		3FDF49DD2C3A9CAF00CFCFDE /* PBXContainerItemProxy */ = {
			isa = PBXContainerItemProxy;
			containerPortal = 3FDF49BA2C3A9CAB00CFCFDE /* Project object */;
			proxyType = 1;
			remoteGlobalIDString = 3FDF49C12C3A9CAB00CFCFDE;
			remoteInfo = "SwiftUI-Xcode-Template";
		};
/* End PBXContainerItemProxy section */

/* Begin PBXFileReference section */
		3FDF49C22C3A9CAB00CFCFDE /* SwiftUI-Xcode-Template.app */ = {isa = PBXFileReference; explicitFileType = wrapper.application; includeInIndex = 0; path = "SwiftUI-Xcode-Template.app"; sourceTree = BUILT_PRODUCTS_DIR; };
		3FDF49C52C3A9CAB00CFCFDE /* SwiftUI_Xcode_TemplateApp.swift */ = {isa = PBXFileReference; lastKnownFileType = sourcecode.swift; path = SwiftUI_Xcode_TemplateApp.swift; sourceTree = "<group>"; };
		3FDF49C72C3A9CAB00CFCFDE /* ContentView.swift */ = {isa = PBXFileReference; lastKnownFileType = sourcecode.swift; path = ContentView.swift; sourceTree = "<group>"; };
		3FDF49C92C3A9CAF00CFCFDE /* Assets.xcassets */ = {isa = PBXFileReference; lastKnownFileType = folder.assetcatalog; path = Assets.xcassets; sourceTree = "<group>"; };
		3FDF49CC2C3A9CAF00CFCFDE /* Preview Assets.xcassets */ = {isa = PBXFileReference; lastKnownFileType = folder.assetcatalog; path = "Preview Assets.xcassets"; sourceTree = "<group>"; };
		3FDF49D22C3A9CAF00CFCFDE /* SwiftUI-Xcode-TemplateTests.xctest */ = {isa = PBXFileReference; explicitFileType = wrapper.cfbundle; includeInIndex = 0; path = "SwiftUI-Xcode-TemplateTests.xctest"; sourceTree = BUILT_PRODUCTS_DIR; };
		3FDF49D62C3A9CAF00CFCFDE /* SwiftUI_Xcode_TemplateTests.swift */ = {isa = PBXFileReference; lastKnownFileType = sourcecode.swift; path = SwiftUI_Xcode_TemplateTests.swift; sourceTree = "<group>"; };
		3FDF49DC2C3A9CAF00CFCFDE /* SwiftUI-Xcode-TemplateUITests.xctest */ = {isa = PBXFileReference; explicitFileType = wrapper.cfbundle; includeInIndex = 0; path = "SwiftUI-Xcode-TemplateUITests.xctest"; sourceTree = BUILT_PRODUCTS_DIR; };
		3FDF49E02C3A9CAF00CFCFDE /* SwiftUI_Xcode_TemplateUITests.swift */ = {isa = PBXFileReference; lastKnownFileType = sourcecode.swift; path = SwiftUI_Xcode_TemplateUITests.swift; sourceTree = "<group>"; };
		3FDF49E22C3A9CAF00CFCFDE /* SwiftUI_Xcode_TemplateUITestsLaunchTests.swift */ = {isa = PBXFileReference; lastKnownFileType = sourcecode.swift; path = SwiftUI_Xcode_TemplateUITestsLaunchTests.swift; sourceTree = "<group>"; };
/* End PBXFileReference section */

/* Begin PBXFrameworksBuildPhase section */
		3FDF49BF2C3A9CAB00CFCFDE /* Frameworks */ = {
			isa = PBXFrameworksBuildPhase;
			buildActionMask = 2147483647;
			files = (
			);
			runOnlyForDeploymentPostprocessing = 0;
		};
		3FDF49CF2C3A9CAF00CFCFDE /* Frameworks */ = {
			isa = PBXFrameworksBuildPhase;
			buildActionMask = 2147483647;
			files = (
			);
			runOnlyForDeploymentPostprocessing = 0;
		};
		3FDF49D92C3A9CAF00CFCFDE /* Frameworks */ = {
			isa = PBXFrameworksBuildPhase;
			buildActionMask = 2147483647;
			files = (
			);
			runOnlyForDeploymentPostprocessing = 0;
		};
/* End PBXFrameworksBuildPhase section */

/* Begin PBXGroup section */
		3FDF49B92C3A9CAB00CFCFDE = {
			isa = PBXGroup;
			children = (
				3FDF49C42C3A9CAB00CFCFDE /* SwiftUI-Xcode-Template */,
				3FDF49D52C3A9CAF00CFCFDE /* SwiftUI-Xcode-TemplateTests */,
				3FDF49DF2C3A9CAF00CFCFDE /* SwiftUI-Xcode-TemplateUITests */,
				3FDF49C32C3A9CAB00CFCFDE /* Products */,
			);
			sourceTree = "<group>";
		};
		3FDF49C32C3A9CAB00CFCFDE /* Products */ = {
			isa = PBXGroup;
			children = (
				3FDF49C22C3A9CAB00CFCFDE /* SwiftUI-Xcode-Template.app */,
				3FDF49D22C3A9CAF00CFCFDE /* SwiftUI-Xcode-TemplateTests.xctest */,
				3FDF49DC2C3A9CAF00CFCFDE /* SwiftUI-Xcode-TemplateUITests.xctest */,
			);
			name = Products;
			sourceTree = "<group>";
		};
		3FDF49C42C3A9CAB00CFCFDE /* SwiftUI-Xcode-Template */ = {
			isa = PBXGroup;
			children = (
				3FDF49C52C3A9CAB00CFCFDE /* SwiftUI_Xcode_TemplateApp.swift */,
				3FDF49C72C3A9CAB00CFCFDE /* ContentView.swift */,
				3FDF49C92C3A9CAF00CFCFDE /* Assets.xcassets */,
				3FDF49CB2C3A9CAF00CFCFDE /* Preview Content */,
			);
			path = "SwiftUI-Xcode-Template";
			sourceTree = "<group>";
		};
		3FDF49CB2C3A9CAF00CFCFDE /* Preview Content */ = {
			isa = PBXGroup;
			children = (
				3FDF49CC2C3A9CAF00CFCFDE /* Preview Assets.xcassets */,
			);
			path = "Preview Content";
			sourceTree = "<group>";
		};
		3FDF49D52C3A9CAF00CFCFDE /* SwiftUI-Xcode-TemplateTests */ = {
			isa = PBXGroup;
			children = (
				3FDF49D62C3A9CAF00CFCFDE /* SwiftUI_Xcode_TemplateTests.swift */,
			);
			path = "SwiftUI-Xcode-TemplateTests";
			sourceTree = "<group>";
		};
		3FDF49DF2C3A9CAF00CFCFDE /* SwiftUI-Xcode-TemplateUITests */ = {
			isa = PBXGroup;
			children = (
				3FDF49E02C3A9CAF00CFCFDE /* SwiftUI_Xcode_TemplateUITests.swift */,
				3FDF49E22C3A9CAF00CFCFDE /* SwiftUI_Xcode_TemplateUITestsLaunchTests.swift */,
			);
			path = "SwiftUI-Xcode-TemplateUITests";
			sourceTree = "<group>";
		};
/* End PBXGroup section */

/* Begin PBXNativeTarget section */
		3FDF49C12C3A9CAB00CFCFDE /* SwiftUI-Xcode-Template */ = {
			isa = PBXNativeTarget;
			buildConfigurationList = 3FDF49E62C3A9CAF00CFCFDE /* Build configuration list for PBXNativeTarget "SwiftUI-Xcode-Template" */;
			buildPhases = (
				3FDF49BE2C3A9CAB00CFCFDE /* Sources */,
				3FDF49BF2C3A9CAB00CFCFDE /* Frameworks */,
				3FDF49C02C3A9CAB00CFCFDE /* Resources */,
			);
			buildRules = (
			);
			dependencies = (
			);
			name = "SwiftUI-Xcode-Template";
			productName = "SwiftUI-Xcode-Template";
			productReference = 3FDF49C22C3A9CAB00CFCFDE /* SwiftUI-Xcode-Template.app */;
			productType = "com.apple.product-type.application";
		};
		3FDF49D12C3A9CAF00CFCFDE /* SwiftUI-Xcode-TemplateTests */ = {
			isa = PBXNativeTarget;
			buildConfigurationList = 3FDF49E92C3A9CAF00CFCFDE /* Build configuration list for PBXNativeTarget "SwiftUI-Xcode-TemplateTests" */;
			buildPhases = (
				3FDF49CE2C3A9CAF00CFCFDE /* Sources */,
				3FDF49CF2C3A9CAF00CFCFDE /* Frameworks */,
				3FDF49D02C3A9CAF00CFCFDE /* Resources */,
			);
			buildRules = (
			);
			dependencies = (
				3FDF49D42C3A9CAF00CFCFDE /* PBXTargetDependency */,
			);
			name = "SwiftUI-Xcode-TemplateTests";
			productName = "SwiftUI-Xcode-TemplateTests";
			productReference = 3FDF49D22C3A9CAF00CFCFDE /* SwiftUI-Xcode-TemplateTests.xctest */;
			productType = "com.apple.product-type.bundle.unit-test";
		};
		3FDF49DB2C3A9CAF00CFCFDE /* SwiftUI-Xcode-TemplateUITests */ = {
			isa = PBXNativeTarget;
			buildConfigurationList = 3FDF49EC2C3A9CAF00CFCFDE /* Build configuration list for PBXNativeTarget "SwiftUI-Xcode-TemplateUITests" */;
			buildPhases = (
				3FDF49D82C3A9CAF00CFCFDE /* Sources */,
				3FDF49D92C3A9CAF00CFCFDE /* Frameworks */,
				3FDF49DA2C3A9CAF00CFCFDE /* Resources */,
			);
			buildRules = (
			);
			dependencies = (
				3FDF49DE2C3A9CAF00CFCFDE /* PBXTargetDependency */,
			);
			name = "SwiftUI-Xcode-TemplateUITests";
			productName = "SwiftUI-Xcode-TemplateUITests";
			productReference = 3FDF49DC2C3A9CAF00CFCFDE /* SwiftUI-Xcode-TemplateUITests.xctest */;
			productType = "com.apple.product-type.bundle.ui-testing";
		};
/* End PBXNativeTarget section */

/* Begin PBXProject section */
		3FDF49BA2C3A9CAB00CFCFDE /* Project object */ = {
			isa = PBXProject;
			attributes = {
				BuildIndependentTargetsInParallel = 1;
				LastSwiftUpdateCheck = 1600;
				LastUpgradeCheck = 1600;
				TargetAttributes = {
					3FDF49C12C3A9CAB00CFCFDE = {
						CreatedOnToolsVersion = 16.0;
					};
					3FDF49D12C3A9CAF00CFCFDE = {
						CreatedOnToolsVersion = 16.0;
						TestTargetID = 3FDF49C12C3A9CAB00CFCFDE;
					};
					3FDF49DB2C3A9CAF00CFCFDE = {
						CreatedOnToolsVersion = 16.0;
						TestTargetID = 3FDF49C12C3A9CAB00CFCFDE;
					};
				};
			};
			buildConfigurationList = 3FDF49BD2C3A9CAB00CFCFDE /* Build configuration list for PBXProject "SwiftUI-Xcode-Template" */;
			compatibilityVersion = "Xcode 15.0";
			developmentRegion = en;
			hasScannedForEncodings = 0;
			knownRegions = (
				en,
				Base,
			);
			mainGroup = 3FDF49B92C3A9CAB00CFCFDE;
			productRefGroup = 3FDF49C32C3A9CAB00CFCFDE /* Products */;
			projectDirPath = "";
			projectRoot = "";
			targets = (
				3FDF49C12C3A9CAB00CFCFDE /* SwiftUI-Xcode-Template */,
				3FDF49D12C3A9CAF00CFCFDE /* SwiftUI-Xcode-TemplateTests */,
				3FDF49DB2C3A9CAF00CFCFDE /* SwiftUI-Xcode-TemplateUITests */,
			);
		};
/* End PBXProject section */

/* Begin PBXResourcesBuildPhase section */
		3FDF49C02C3A9CAB00CFCFDE /* Resources */ = {
			isa = PBXResourcesBuildPhase;
			buildActionMask = 2147483647;
			files = (
				3FDF49CD2C3A9CAF00CFCFDE /* Preview Assets.xcassets in Resources */,
				3FDF49CA2C3A9CAF00CFCFDE /* Assets.xcassets in Resources */,
			);
			runOnlyForDeploymentPostprocessing = 0;
		};
		3FDF49D02C3A9CAF00CFCFDE /* Resources */ = {
			isa = PBXResourcesBuildPhase;
			buildActionMask = 2147483647;
			files = (
			);
			runOnlyForDeploymentPostprocessing = 0;
		};
		3FDF49DA2C3A9CAF00CFCFDE /* Resources */ = {
			isa = PBXResourcesBuildPhase;
			buildActionMask = 2147483647;
			files = (
			);
			runOnlyForDeploymentPostprocessing = 0;
		};
/* End PBXResourcesBuildPhase section */

/* Begin PBXSourcesBuildPhase section */
		3FDF49BE2C3A9CAB00CFCFDE /* Sources */ = {
			isa = PBXSourcesBuildPhase;
			buildActionMask = 2147483647;
			files = (
				3FDF49C82C3A9CAB00CFCFDE /* ContentView.swift in Sources */,
				3FDF49C62C3A9CAB00CFCFDE /* SwiftUI_Xcode_TemplateApp.swift in Sources */,
			);
			runOnlyForDeploymentPostprocessing = 0;
		};
		3FDF49CE2C3A9CAF00CFCFDE /* Sources */ = {
			isa = PBXSourcesBuildPhase;
			buildActionMask = 2147483647;
			files = (
				3FDF49D72C3A9CAF00CFCFDE /* SwiftUI_Xcode_TemplateTests.swift in Sources */,
			);
			runOnlyForDeploymentPostprocessing = 0;
		};
		3FDF49D82C3A9CAF00CFCFDE /* Sources */ = {
			isa = PBXSourcesBuildPhase;
			buildActionMask = 2147483647;
			files = (
				3FDF49E32C3A9CAF00CFCFDE /* SwiftUI_Xcode_TemplateUITestsLaunchTests.swift in Sources */,
				3FDF49E12C3A9CAF00CFCFDE /* SwiftUI_Xcode_TemplateUITests.swift in Sources */,
			);
			runOnlyForDeploymentPostprocessing = 0;
		};
/* End PBXSourcesBuildPhase section */

/* Begin PBXTargetDependency section */
		3FDF49D42C3A9CAF00CFCFDE /* PBXTargetDependency */ = {
			isa = PBXTargetDependency;
			target = 3FDF49C12C3A9CAB00CFCFDE /* SwiftUI-Xcode-Template */;
			targetProxy = 3FDF49D32C3A9CAF00CFCFDE /* PBXContainerItemProxy */;
		};
		3FDF49DE2C3A9CAF00CFCFDE /* PBXTargetDependency */ = {
			isa = PBXTargetDependency;
			target = 3FDF49C12C3A9CAB00CFCFDE /* SwiftUI-Xcode-Template */;
			targetProxy = 3FDF49DD2C3A9CAF00CFCFDE /* PBXContainerItemProxy */;
		};
/* End PBXTargetDependency section */

/* Begin XCBuildConfiguration section */
		3FDF49E42C3A9CAF00CFCFDE /* Debug */ = {
			isa = XCBuildConfiguration;
			buildSettings = {
				ALWAYS_SEARCH_USER_PATHS = NO;
				ASSETCATALOG_COMPILER_GENERATE_SWIFT_ASSET_SYMBOL_EXTENSIONS = YES;
				CLANG_ANALYZER_NONNULL = YES;
				CLANG_ANALYZER_NUMBER_OBJECT_CONVERSION = YES_AGGRESSIVE;
				CLANG_CXX_LANGUAGE_STANDARD = "gnu++20";
				CLANG_ENABLE_MODULES = YES;
				CLANG_ENABLE_OBJC_ARC = YES;
				CLANG_ENABLE_OBJC_WEAK = YES;
				CLANG_WARN_BLOCK_CAPTURE_AUTORELEASING = YES;
				CLANG_WARN_BOOL_CONVERSION = YES;
				CLANG_WARN_COMMA = YES;
				CLANG_WARN_CONSTANT_CONVERSION = YES;
				CLANG_WARN_DEPRECATED_OBJC_IMPLEMENTATIONS = YES;
				CLANG_WARN_DIRECT_OBJC_ISA_USAGE = YES_ERROR;
				CLANG_WARN_DOCUMENTATION_COMMENTS = YES;
				CLANG_WARN_EMPTY_BODY = YES;
				CLANG_WARN_ENUM_CONVERSION = YES;
				CLANG_WARN_INFINITE_RECURSION = YES;
				CLANG_WARN_INT_CONVERSION = YES;
				CLANG_WARN_NON_LITERAL_NULL_CONVERSION = YES;
				CLANG_WARN_OBJC_IMPLICIT_RETAIN_SELF = YES;
				CLANG_WARN_OBJC_LITERAL_CONVERSION = YES;
				CLANG_WARN_OBJC_ROOT_CLASS = YES_ERROR;
				CLANG_WARN_QUOTED_INCLUDE_IN_FRAMEWORK_HEADER = YES;
				CLANG_WARN_RANGE_LOOP_ANALYSIS = YES;
				CLANG_WARN_STRICT_PROTOTYPES = YES;
				CLANG_WARN_SUSPICIOUS_MOVE = YES;
				CLANG_WARN_UNGUARDED_AVAILABILITY = YES_AGGRESSIVE;
				CLANG_WARN_UNREACHABLE_CODE = YES;
				CLANG_WARN__DUPLICATE_METHOD_MATCH = YES;
				COPY_PHASE_STRIP = NO;
				DEBUG_INFORMATION_FORMAT = dwarf;
				ENABLE_STRICT_OBJC_MSGSEND = YES;
				ENABLE_TESTABILITY = YES;
				ENABLE_USER_SCRIPT_SANDBOXING = YES;
				GCC_C_LANGUAGE_STANDARD = gnu17;
				GCC_DYNAMIC_NO_PIC = NO;
				GCC_NO_COMMON_BLOCKS = YES;
				GCC_OPTIMIZATION_LEVEL = 0;
				GCC_PREPROCESSOR_DEFINITIONS = (
					"DEBUG=1",
					"$(inherited)",
				);
				GCC_WARN_64_TO_32_BIT_CONVERSION = YES;
				GCC_WARN_ABOUT_RETURN_TYPE = YES_ERROR;
				GCC_WARN_UNDECLARED_SELECTOR = YES;
				GCC_WARN_UNINITIALIZED_AUTOS = YES_AGGRESSIVE;
				GCC_WARN_UNUSED_FUNCTION = YES;
				GCC_WARN_UNUSED_VARIABLE = YES;
				IPHONEOS_DEPLOYMENT_TARGET = 18.0;
				LOCALIZATION_PREFERS_STRING_CATALOGS = YES;
				MTL_ENABLE_DEBUG_INFO = INCLUDE_SOURCE;
				MTL_FAST_MATH = YES;
				ONLY_ACTIVE_ARCH = YES;
				SDKROOT = iphoneos;
				SWIFT_ACTIVE_COMPILATION_CONDITIONS = "DEBUG $(inherited)";
				SWIFT_OPTIMIZATION_LEVEL = "-Onone";
			};
			name = Debug;
		};
		3FDF49E52C3A9CAF00CFCFDE /* Release */ = {
			isa = XCBuildConfiguration;
			buildSettings = {
				ALWAYS_SEARCH_USER_PATHS = NO;
				ASSETCATALOG_COMPILER_GENERATE_SWIFT_ASSET_SYMBOL_EXTENSIONS = YES;
				CLANG_ANALYZER_NONNULL = YES;
				CLANG_ANALYZER_NUMBER_OBJECT_CONVERSION = YES_AGGRESSIVE;
				CLANG_CXX_LANGUAGE_STANDARD = "gnu++20";
				CLANG_ENABLE_MODULES = YES;
				CLANG_ENABLE_OBJC_ARC = YES;
				CLANG_ENABLE_OBJC_WEAK = YES;
				CLANG_WARN_BLOCK_CAPTURE_AUTORELEASING = YES;
				CLANG_WARN_BOOL_CONVERSION = YES;
				CLANG_WARN_COMMA = YES;
				CLANG_WARN_CONSTANT_CONVERSION = YES;
				CLANG_WARN_DEPRECATED_OBJC_IMPLEMENTATIONS = YES;
				CLANG_WARN_DIRECT_OBJC_ISA_USAGE = YES_ERROR;
				CLANG_WARN_DOCUMENTATION_COMMENTS = YES;
				CLANG_WARN_EMPTY_BODY = YES;
				CLANG_WARN_ENUM_CONVERSION = YES;
				CLANG_WARN_INFINITE_RECURSION = YES;
				CLANG_WARN_INT_CONVERSION = YES;
				CLANG_WARN_NON_LITERAL_NULL_CONVERSION = YES;
				CLANG_WARN_OBJC_IMPLICIT_RETAIN_SELF = YES;
				CLANG_WARN_OBJC_LITERAL_CONVERSION = YES;
				CLANG_WARN_OBJC_ROOT_CLASS = YES_ERROR;
				CLANG_WARN_QUOTED_INCLUDE_IN_FRAMEWORK_HEADER = YES;
				CLANG_WARN_RANGE_LOOP_ANALYSIS = YES;
				CLANG_WARN_STRICT_PROTOTYPES = YES;
				CLANG_WARN_SUSPICIOUS_MOVE = YES;
				CLANG_WARN_UNGUARDED_AVAILABILITY = YES_AGGRESSIVE;
				CLANG_WARN_UNREACHABLE_CODE = YES;
				CLANG_WARN__DUPLICATE_METHOD_MATCH = YES;
				COPY_PHASE_STRIP = NO;
				DEBUG_INFORMATION_FORMAT = "dwarf-with-dsym";
				ENABLE_NS_ASSERTIONS = NO;
				ENABLE_STRICT_OBJC_MSGSEND = YES;
				ENABLE_USER_SCRIPT_SANDBOXING = YES;
				GCC_C_LANGUAGE_STANDARD = gnu17;
				GCC_NO_COMMON_BLOCKS = YES;
				GCC_WARN_64_TO_32_BIT_CONVERSION = YES;
				GCC_WARN_ABOUT_RETURN_TYPE = YES_ERROR;
				GCC_WARN_UNDECLARED_SELECTOR = YES;
				GCC_WARN_UNINITIALIZED_AUTOS = YES_AGGRESSIVE;
				GCC_WARN_UNUSED_FUNCTION = YES;
				GCC_WARN_UNUSED_VARIABLE = YES;
				IPHONEOS_DEPLOYMENT_TARGET = 18.0;
				LOCALIZATION_PREFERS_STRING_CATALOGS = YES;
				MTL_ENABLE_DEBUG_INFO = NO;
				MTL_FAST_MATH = YES;
				SDKROOT = iphoneos;
				SWIFT_COMPILATION_MODE = wholemodule;
				VALIDATE_PRODUCT = YES;
			};
			name = Release;
		};
		3FDF49E72C3A9CAF00CFCFDE /* Debug */ = {
			isa = XCBuildConfiguration;
			buildSettings = {
				ASSETCATALOG_COMPILER_APPICON_NAME = AppIcon;
				ASSETCATALOG_COMPILER_GLOBAL_ACCENT_COLOR_NAME = AccentColor;
				CODE_SIGN_STYLE = Automatic;
				CURRENT_PROJECT_VERSION = 1;
				DEVELOPMENT_ASSET_PATHS = "\"SwiftUI-Xcode-Template/Preview Content\"";
				ENABLE_PREVIEWS = YES;
				GENERATE_INFOPLIST_FILE = YES;
				INFOPLIST_KEY_UIApplicationSceneManifest_Generation = YES;
				INFOPLIST_KEY_UIApplicationSupportsIndirectInputEvents = YES;
				INFOPLIST_KEY_UILaunchScreen_Generation = YES;
				INFOPLIST_KEY_UISupportedInterfaceOrientations_iPad = "UIInterfaceOrientationPortrait UIInterfaceOrientationPortraitUpsideDown UIInterfaceOrientationLandscapeLeft UIInterfaceOrientationLandscapeRight";
				INFOPLIST_KEY_UISupportedInterfaceOrientations_iPhone = "UIInterfaceOrientationPortrait UIInterfaceOrientationLandscapeLeft UIInterfaceOrientationLandscapeRight";
				LD_RUNPATH_SEARCH_PATHS = (
					"$(inherited)",
					"@executable_path/Frameworks",
				);
				MARKETING_VERSION = 1.0;
				PRODUCT_BUNDLE_IDENTIFIER = "examples.giolodi.SwiftUI-Xcode-Template.SwiftUI-Xcode-Template";
				PRODUCT_NAME = "$(TARGET_NAME)";
				SWIFT_EMIT_LOC_STRINGS = YES;
				SWIFT_VERSION = 5.0;
				TARGETED_DEVICE_FAMILY = "1,2";
			};
			name = Debug;
		};
		3FDF49E82C3A9CAF00CFCFDE /* Release */ = {
			isa = XCBuildConfiguration;
			buildSettings = {
				ASSETCATALOG_COMPILER_APPICON_NAME = AppIcon;
				ASSETCATALOG_COMPILER_GLOBAL_ACCENT_COLOR_NAME = AccentColor;
				CODE_SIGN_STYLE = Automatic;
				CURRENT_PROJECT_VERSION = 1;
				DEVELOPMENT_ASSET_PATHS = "\"SwiftUI-Xcode-Template/Preview Content\"";
				ENABLE_PREVIEWS = YES;
				GENERATE_INFOPLIST_FILE = YES;
				INFOPLIST_KEY_UIApplicationSceneManifest_Generation = YES;
				INFOPLIST_KEY_UIApplicationSupportsIndirectInputEvents = YES;
				INFOPLIST_KEY_UILaunchScreen_Generation = YES;
				INFOPLIST_KEY_UISupportedInterfaceOrientations_iPad = "UIInterfaceOrientationPortrait UIInterfaceOrientationPortraitUpsideDown UIInterfaceOrientationLandscapeLeft UIInterfaceOrientationLandscapeRight";
				INFOPLIST_KEY_UISupportedInterfaceOrientations_iPhone = "UIInterfaceOrientationPortrait UIInterfaceOrientationLandscapeLeft UIInterfaceOrientationLandscapeRight";
				LD_RUNPATH_SEARCH_PATHS = (
					"$(inherited)",
					"@executable_path/Frameworks",
				);
				MARKETING_VERSION = 1.0;
				PRODUCT_BUNDLE_IDENTIFIER = "examples.giolodi.SwiftUI-Xcode-Template.SwiftUI-Xcode-Template";
				PRODUCT_NAME = "$(TARGET_NAME)";
				SWIFT_EMIT_LOC_STRINGS = YES;
				SWIFT_VERSION = 5.0;
				TARGETED_DEVICE_FAMILY = "1,2";
			};
			name = Release;
		};
		3FDF49EA2C3A9CAF00CFCFDE /* Debug */ = {
			isa = XCBuildConfiguration;
			buildSettings = {
				BUNDLE_LOADER = "$(TEST_HOST)";
				CODE_SIGN_STYLE = Automatic;
				CURRENT_PROJECT_VERSION = 1;
				GENERATE_INFOPLIST_FILE = YES;
				IPHONEOS_DEPLOYMENT_TARGET = 18.0;
				MARKETING_VERSION = 1.0;
				PRODUCT_BUNDLE_IDENTIFIER = "examples.giolodi.SwiftUI-Xcode-Template.SwiftUI-Xcode-TemplateTests";
				PRODUCT_NAME = "$(TARGET_NAME)";
				SWIFT_EMIT_LOC_STRINGS = NO;
				SWIFT_VERSION = 5.0;
				TARGETED_DEVICE_FAMILY = "1,2";
				TEST_HOST = "$(BUILT_PRODUCTS_DIR)/SwiftUI-Xcode-Template.app/$(BUNDLE_EXECUTABLE_FOLDER_PATH)/SwiftUI-Xcode-Template";
			};
			name = Debug;
		};
		3FDF49EB2C3A9CAF00CFCFDE /* Release */ = {
			isa = XCBuildConfiguration;
			buildSettings = {
				BUNDLE_LOADER = "$(TEST_HOST)";
				CODE_SIGN_STYLE = Automatic;
				CURRENT_PROJECT_VERSION = 1;
				GENERATE_INFOPLIST_FILE = YES;
				IPHONEOS_DEPLOYMENT_TARGET = 18.0;
				MARKETING_VERSION = 1.0;
				PRODUCT_BUNDLE_IDENTIFIER = "examples.giolodi.SwiftUI-Xcode-Template.SwiftUI-Xcode-TemplateTests";
				PRODUCT_NAME = "$(TARGET_NAME)";
				SWIFT_EMIT_LOC_STRINGS = NO;
				SWIFT_VERSION = 5.0;
				TARGETED_DEVICE_FAMILY = "1,2";
				TEST_HOST = "$(BUILT_PRODUCTS_DIR)/SwiftUI-Xcode-Template.app/$(BUNDLE_EXECUTABLE_FOLDER_PATH)/SwiftUI-Xcode-Template";
			};
			name = Release;
		};
		3FDF49ED2C3A9CAF00CFCFDE /* Debug */ = {
			isa = XCBuildConfiguration;
			buildSettings = {
				CODE_SIGN_STYLE = Automatic;
				CURRENT_PROJECT_VERSION = 1;
				GENERATE_INFOPLIST_FILE = YES;
				MARKETING_VERSION = 1.0;
				PRODUCT_BUNDLE_IDENTIFIER = "examples.giolodi.SwiftUI-Xcode-Template.SwiftUI-Xcode-TemplateUITests";
				PRODUCT_NAME = "$(TARGET_NAME)";
				SWIFT_EMIT_LOC_STRINGS = NO;
				SWIFT_VERSION = 5.0;
				TARGETED_DEVICE_FAMILY = "1,2";
				TEST_TARGET_NAME = "SwiftUI-Xcode-Template";
			};
			name = Debug;
		};
		3FDF49EE2C3A9CAF00CFCFDE /* Release */ = {
			isa = XCBuildConfiguration;
			buildSettings = {
				CODE_SIGN_STYLE = Automatic;
				CURRENT_PROJECT_VERSION = 1;
				GENERATE_INFOPLIST_FILE = YES;
				MARKETING_VERSION = 1.0;
				PRODUCT_BUNDLE_IDENTIFIER = "examples.giolodi.SwiftUI-Xcode-Template.SwiftUI-Xcode-TemplateUITests";
				PRODUCT_NAME = "$(TARGET_NAME)";
				SWIFT_EMIT_LOC_STRINGS = NO;
				SWIFT_VERSION = 5.0;
				TARGETED_DEVICE_FAMILY = "1,2";
				TEST_TARGET_NAME = "SwiftUI-Xcode-Template";
			};
			name = Release;
		};
/* End XCBuildConfiguration section */

/* Begin XCConfigurationList section */
		3FDF49BD2C3A9CAB00CFCFDE /* Build configuration list for PBXProject "SwiftUI-Xcode-Template" */ = {
			isa = XCConfigurationList;
			buildConfigurations = (
				3FDF49E42C3A9CAF00CFCFDE /* Debug */,
				3FDF49E52C3A9CAF00CFCFDE /* Release */,
			);
			defaultConfigurationIsVisible = 0;
			defaultConfigurationName = Release;
		};
		3FDF49E62C3A9CAF00CFCFDE /* Build configuration list for PBXNativeTarget "SwiftUI-Xcode-Template" */ = {
			isa = XCConfigurationList;
			buildConfigurations = (
				3FDF49E72C3A9CAF00CFCFDE /* Debug */,
				3FDF49E82C3A9CAF00CFCFDE /* Release */,
			);
			defaultConfigurationIsVisible = 0;
			defaultConfigurationName = Release;
		};
		3FDF49E92C3A9CAF00CFCFDE /* Build configuration list for PBXNativeTarget "SwiftUI-Xcode-TemplateTests" */ = {
			isa = XCConfigurationList;
			buildConfigurations = (
				3FDF49EA2C3A9CAF00CFCFDE /* Debug */,
				3FDF49EB2C3A9CAF00CFCFDE /* Release */,
			);
			defaultConfigurationIsVisible = 0;
			defaultConfigurationName = Release;
		};
		3FDF49EC2C3A9CAF00CFCFDE /* Build configuration list for PBXNativeTarget "SwiftUI-Xcode-TemplateUITests" */ = {
			isa = XCConfigurationList;
			buildConfigurations = (
				3FDF49ED2C3A9CAF00CFCFDE /* Debug */,
				3FDF49EE2C3A9CAF00CFCFDE /* Release */,
			);
			defaultConfigurationIsVisible = 0;
			defaultConfigurationName = Release;
		};
/* End XCConfigurationList section */
	};
	rootObject = 3FDF49BA2C3A9CAB00CFCFDE /* Project object */;
}
