// !$*UTF8*$!
{
	archiveVersion = 1;
	classes = {
	};
	objectVersion = 56;
	objects = {

/* Begin PBXBuildFile section */
		3F5F8ACE2A371999000EDF02 /* SwiftUI_Xcode_TemplateApp.swift in Sources */ = {isa = PBXBuildFile; fileRef = 3F5F8ACD2A371999000EDF02 /* SwiftUI_Xcode_TemplateApp.swift */; };
		3F5F8AD02A371999000EDF02 /* ContentView.swift in Sources */ = {isa = PBXBuildFile; fileRef = 3F5F8ACF2A371999000EDF02 /* ContentView.swift */; };
		3F5F8AD22A37199A000EDF02 /* Assets.xcassets in Resources */ = {isa = PBXBuildFile; fileRef = 3F5F8AD12A37199A000EDF02 /* Assets.xcassets */; };
		3F5F8AD52A37199A000EDF02 /* Preview Assets.xcassets in Resources */ = {isa = PBXBuildFile; fileRef = 3F5F8AD42A37199A000EDF02 /* Preview Assets.xcassets */; };
		3F5F8ADF2A37199A000EDF02 /* SwiftUI_Xcode_TemplateTests.swift in Sources */ = {isa = PBXBuildFile; fileRef = 3F5F8ADE2A37199A000EDF02 /* SwiftUI_Xcode_TemplateTests.swift */; };
		3F5F8AE92A37199A000EDF02 /* SwiftUI_Xcode_TemplateUITests.swift in Sources */ = {isa = PBXBuildFile; fileRef = 3F5F8AE82A37199A000EDF02 /* SwiftUI_Xcode_TemplateUITests.swift */; };
		3F5F8AEB2A37199A000EDF02 /* SwiftUI_Xcode_TemplateUITestsLaunchTests.swift in Sources */ = {isa = PBXBuildFile; fileRef = 3F5F8AEA2A37199A000EDF02 /* SwiftUI_Xcode_TemplateUITestsLaunchTests.swift */; };
/* End PBXBuildFile section */

/* Begin PBXContainerItemProxy section */
		3F5F8ADB2A37199A000EDF02 /* PBXContainerItemProxy */ = {
			isa = PBXContainerItemProxy;
			containerPortal = 3F5F8AC22A371999000EDF02 /* Project object */;
			proxyType = 1;
			remoteGlobalIDString = 3F5F8AC92A371999000EDF02;
			remoteInfo = "SwiftUI-Xcode-Template";
		};
		3F5F8AE52A37199A000EDF02 /* PBXContainerItemProxy */ = {
			isa = PBXContainerItemProxy;
			containerPortal = 3F5F8AC22A371999000EDF02 /* Project object */;
			proxyType = 1;
			remoteGlobalIDString = 3F5F8AC92A371999000EDF02;
			remoteInfo = "SwiftUI-Xcode-Template";
		};
/* End PBXContainerItemProxy section */

/* Begin PBXFileReference section */
		3F5F8ACA2A371999000EDF02 /* SwiftUI-Xcode-Template.app */ = {isa = PBXFileReference; explicitFileType = wrapper.application; includeInIndex = 0; path = "SwiftUI-Xcode-Template.app"; sourceTree = BUILT_PRODUCTS_DIR; };
		3F5F8ACD2A371999000EDF02 /* SwiftUI_Xcode_TemplateApp.swift */ = {isa = PBXFileReference; lastKnownFileType = sourcecode.swift; path = SwiftUI_Xcode_TemplateApp.swift; sourceTree = "<group>"; };
		3F5F8ACF2A371999000EDF02 /* ContentView.swift */ = {isa = PBXFileReference; lastKnownFileType = sourcecode.swift; path = ContentView.swift; sourceTree = "<group>"; };
		3F5F8AD12A37199A000EDF02 /* Assets.xcassets */ = {isa = PBXFileReference; lastKnownFileType = folder.assetcatalog; path = Assets.xcassets; sourceTree = "<group>"; };
		3F5F8AD42A37199A000EDF02 /* Preview Assets.xcassets */ = {isa = PBXFileReference; lastKnownFileType = folder.assetcatalog; path = "Preview Assets.xcassets"; sourceTree = "<group>"; };
		3F5F8ADA2A37199A000EDF02 /* SwiftUI-Xcode-TemplateTests.xctest */ = {isa = PBXFileReference; explicitFileType = wrapper.cfbundle; includeInIndex = 0; path = "SwiftUI-Xcode-TemplateTests.xctest"; sourceTree = BUILT_PRODUCTS_DIR; };
		3F5F8ADE2A37199A000EDF02 /* SwiftUI_Xcode_TemplateTests.swift */ = {isa = PBXFileReference; lastKnownFileType = sourcecode.swift; path = SwiftUI_Xcode_TemplateTests.swift; sourceTree = "<group>"; };
		3F5F8AE42A37199A000EDF02 /* SwiftUI-Xcode-TemplateUITests.xctest */ = {isa = PBXFileReference; explicitFileType = wrapper.cfbundle; includeInIndex = 0; path = "SwiftUI-Xcode-TemplateUITests.xctest"; sourceTree = BUILT_PRODUCTS_DIR; };
		3F5F8AE82A37199A000EDF02 /* SwiftUI_Xcode_TemplateUITests.swift */ = {isa = PBXFileReference; lastKnownFileType = sourcecode.swift; path = SwiftUI_Xcode_TemplateUITests.swift; sourceTree = "<group>"; };
		3F5F8AEA2A37199A000EDF02 /* SwiftUI_Xcode_TemplateUITestsLaunchTests.swift */ = {isa = PBXFileReference; lastKnownFileType = sourcecode.swift; path = SwiftUI_Xcode_TemplateUITestsLaunchTests.swift; sourceTree = "<group>"; };
/* End PBXFileReference section */

/* Begin PBXFrameworksBuildPhase section */
		3F5F8AC72A371999000EDF02 /* Frameworks */ = {
			isa = PBXFrameworksBuildPhase;
			buildActionMask = 2147483647;
			files = (
			);
			runOnlyForDeploymentPostprocessing = 0;
		};
		3F5F8AD72A37199A000EDF02 /* Frameworks */ = {
			isa = PBXFrameworksBuildPhase;
			buildActionMask = 2147483647;
			files = (
			);
			runOnlyForDeploymentPostprocessing = 0;
		};
		3F5F8AE12A37199A000EDF02 /* Frameworks */ = {
			isa = PBXFrameworksBuildPhase;
			buildActionMask = 2147483647;
			files = (
			);
			runOnlyForDeploymentPostprocessing = 0;
		};
/* End PBXFrameworksBuildPhase section */

/* Begin PBXGroup section */
		3F5F8AC12A371999000EDF02 = {
			isa = PBXGroup;
			children = (
				3F5F8ACC2A371999000EDF02 /* SwiftUI-Xcode-Template */,
				3F5F8ADD2A37199A000EDF02 /* SwiftUI-Xcode-TemplateTests */,
				3F5F8AE72A37199A000EDF02 /* SwiftUI-Xcode-TemplateUITests */,
				3F5F8ACB2A371999000EDF02 /* Products */,
			);
			sourceTree = "<group>";
		};
		3F5F8ACB2A371999000EDF02 /* Products */ = {
			isa = PBXGroup;
			children = (
				3F5F8ACA2A371999000EDF02 /* SwiftUI-Xcode-Template.app */,
				3F5F8ADA2A37199A000EDF02 /* SwiftUI-Xcode-TemplateTests.xctest */,
				3F5F8AE42A37199A000EDF02 /* SwiftUI-Xcode-TemplateUITests.xctest */,
			);
			name = Products;
			sourceTree = "<group>";
		};
		3F5F8ACC2A371999000EDF02 /* SwiftUI-Xcode-Template */ = {
			isa = PBXGroup;
			children = (
				3F5F8ACD2A371999000EDF02 /* SwiftUI_Xcode_TemplateApp.swift */,
				3F5F8ACF2A371999000EDF02 /* ContentView.swift */,
				3F5F8AD12A37199A000EDF02 /* Assets.xcassets */,
				3F5F8AD32A37199A000EDF02 /* Preview Content */,
			);
			path = "SwiftUI-Xcode-Template";
			sourceTree = "<group>";
		};
		3F5F8AD32A37199A000EDF02 /* Preview Content */ = {
			isa = PBXGroup;
			children = (
				3F5F8AD42A37199A000EDF02 /* Preview Assets.xcassets */,
			);
			path = "Preview Content";
			sourceTree = "<group>";
		};
		3F5F8ADD2A37199A000EDF02 /* SwiftUI-Xcode-TemplateTests */ = {
			isa = PBXGroup;
			children = (
				3F5F8ADE2A37199A000EDF02 /* SwiftUI_Xcode_TemplateTests.swift */,
			);
			path = "SwiftUI-Xcode-TemplateTests";
			sourceTree = "<group>";
		};
		3F5F8AE72A37199A000EDF02 /* SwiftUI-Xcode-TemplateUITests */ = {
			isa = PBXGroup;
			children = (
				3F5F8AE82A37199A000EDF02 /* SwiftUI_Xcode_TemplateUITests.swift */,
				3F5F8AEA2A37199A000EDF02 /* SwiftUI_Xcode_TemplateUITestsLaunchTests.swift */,
			);
			path = "SwiftUI-Xcode-TemplateUITests";
			sourceTree = "<group>";
		};
/* End PBXGroup section */

/* Begin PBXNativeTarget section */
		3F5F8AC92A371999000EDF02 /* SwiftUI-Xcode-Template */ = {
			isa = PBXNativeTarget;
			buildConfigurationList = 3F5F8AEE2A37199A000EDF02 /* Build configuration list for PBXNativeTarget "SwiftUI-Xcode-Template" */;
			buildPhases = (
				3F5F8AC62A371999000EDF02 /* Sources */,
				3F5F8AC72A371999000EDF02 /* Frameworks */,
				3F5F8AC82A371999000EDF02 /* Resources */,
			);
			buildRules = (
			);
			dependencies = (
			);
			name = "SwiftUI-Xcode-Template";
			productName = "SwiftUI-Xcode-Template";
			productReference = 3F5F8ACA2A371999000EDF02 /* SwiftUI-Xcode-Template.app */;
			productType = "com.apple.product-type.application";
		};
		3F5F8AD92A37199A000EDF02 /* SwiftUI-Xcode-TemplateTests */ = {
			isa = PBXNativeTarget;
			buildConfigurationList = 3F5F8AF12A37199A000EDF02 /* Build configuration list for PBXNativeTarget "SwiftUI-Xcode-TemplateTests" */;
			buildPhases = (
				3F5F8AD62A37199A000EDF02 /* Sources */,
				3F5F8AD72A37199A000EDF02 /* Frameworks */,
				3F5F8AD82A37199A000EDF02 /* Resources */,
			);
			buildRules = (
			);
			dependencies = (
				3F5F8ADC2A37199A000EDF02 /* PBXTargetDependency */,
			);
			name = "SwiftUI-Xcode-TemplateTests";
			productName = "SwiftUI-Xcode-TemplateTests";
			productReference = 3F5F8ADA2A37199A000EDF02 /* SwiftUI-Xcode-TemplateTests.xctest */;
			productType = "com.apple.product-type.bundle.unit-test";
		};
		3F5F8AE32A37199A000EDF02 /* SwiftUI-Xcode-TemplateUITests */ = {
			isa = PBXNativeTarget;
			buildConfigurationList = 3F5F8AF42A37199A000EDF02 /* Build configuration list for PBXNativeTarget "SwiftUI-Xcode-TemplateUITests" */;
			buildPhases = (
				3F5F8AE02A37199A000EDF02 /* Sources */,
				3F5F8AE12A37199A000EDF02 /* Frameworks */,
				3F5F8AE22A37199A000EDF02 /* Resources */,
			);
			buildRules = (
			);
			dependencies = (
				3F5F8AE62A37199A000EDF02 /* PBXTargetDependency */,
			);
			name = "SwiftUI-Xcode-TemplateUITests";
			productName = "SwiftUI-Xcode-TemplateUITests";
			productReference = 3F5F8AE42A37199A000EDF02 /* SwiftUI-Xcode-TemplateUITests.xctest */;
			productType = "com.apple.product-type.bundle.ui-testing";
		};
/* End PBXNativeTarget section */

/* Begin PBXProject section */
		3F5F8AC22A371999000EDF02 /* Project object */ = {
			isa = PBXProject;
			attributes = {
				BuildIndependentTargetsInParallel = 1;
				LastSwiftUpdateCheck = 1430;
				LastUpgradeCheck = 1430;
				TargetAttributes = {
					3F5F8AC92A371999000EDF02 = {
						CreatedOnToolsVersion = 14.3.1;
					};
					3F5F8AD92A37199A000EDF02 = {
						CreatedOnToolsVersion = 14.3.1;
						TestTargetID = 3F5F8AC92A371999000EDF02;
					};
					3F5F8AE32A37199A000EDF02 = {
						CreatedOnToolsVersion = 14.3.1;
						TestTargetID = 3F5F8AC92A371999000EDF02;
					};
				};
			};
			buildConfigurationList = 3F5F8AC52A371999000EDF02 /* Build configuration list for PBXProject "SwiftUI-Xcode-Template" */;
			compatibilityVersion = "Xcode 14.0";
			developmentRegion = en;
			hasScannedForEncodings = 0;
			knownRegions = (
				en,
				Base,
			);
			mainGroup = 3F5F8AC12A371999000EDF02;
			productRefGroup = 3F5F8ACB2A371999000EDF02 /* Products */;
			projectDirPath = "";
			projectRoot = "";
			targets = (
				3F5F8AC92A371999000EDF02 /* SwiftUI-Xcode-Template */,
				3F5F8AD92A37199A000EDF02 /* SwiftUI-Xcode-TemplateTests */,
				3F5F8AE32A37199A000EDF02 /* SwiftUI-Xcode-TemplateUITests */,
			);
		};
/* End PBXProject section */

/* Begin PBXResourcesBuildPhase section */
		3F5F8AC82A371999000EDF02 /* Resources */ = {
			isa = PBXResourcesBuildPhase;
			buildActionMask = 2147483647;
			files = (
				3F5F8AD52A37199A000EDF02 /* Preview Assets.xcassets in Resources */,
				3F5F8AD22A37199A000EDF02 /* Assets.xcassets in Resources */,
			);
			runOnlyForDeploymentPostprocessing = 0;
		};
		3F5F8AD82A37199A000EDF02 /* Resources */ = {
			isa = PBXResourcesBuildPhase;
			buildActionMask = 2147483647;
			files = (
			);
			runOnlyForDeploymentPostprocessing = 0;
		};
		3F5F8AE22A37199A000EDF02 /* Resources */ = {
			isa = PBXResourcesBuildPhase;
			buildActionMask = 2147483647;
			files = (
			);
			runOnlyForDeploymentPostprocessing = 0;
		};
/* End PBXResourcesBuildPhase section */

/* Begin PBXSourcesBuildPhase section */
		3F5F8AC62A371999000EDF02 /* Sources */ = {
			isa = PBXSourcesBuildPhase;
			buildActionMask = 2147483647;
			files = (
				3F5F8AD02A371999000EDF02 /* ContentView.swift in Sources */,
				3F5F8ACE2A371999000EDF02 /* SwiftUI_Xcode_TemplateApp.swift in Sources */,
			);
			runOnlyForDeploymentPostprocessing = 0;
		};
		3F5F8AD62A37199A000EDF02 /* Sources */ = {
			isa = PBXSourcesBuildPhase;
			buildActionMask = 2147483647;
			files = (
				3F5F8ADF2A37199A000EDF02 /* SwiftUI_Xcode_TemplateTests.swift in Sources */,
			);
			runOnlyForDeploymentPostprocessing = 0;
		};
		3F5F8AE02A37199A000EDF02 /* Sources */ = {
			isa = PBXSourcesBuildPhase;
			buildActionMask = 2147483647;
			files = (
				3F5F8AEB2A37199A000EDF02 /* SwiftUI_Xcode_TemplateUITestsLaunchTests.swift in Sources */,
				3F5F8AE92A37199A000EDF02 /* SwiftUI_Xcode_TemplateUITests.swift in Sources */,
			);
			runOnlyForDeploymentPostprocessing = 0;
		};
/* End PBXSourcesBuildPhase section */

/* Begin PBXTargetDependency section */
		3F5F8ADC2A37199A000EDF02 /* PBXTargetDependency */ = {
			isa = PBXTargetDependency;
			target = 3F5F8AC92A371999000EDF02 /* SwiftUI-Xcode-Template */;
			targetProxy = 3F5F8ADB2A37199A000EDF02 /* PBXContainerItemProxy */;
		};
		3F5F8AE62A37199A000EDF02 /* PBXTargetDependency */ = {
			isa = PBXTargetDependency;
			target = 3F5F8AC92A371999000EDF02 /* SwiftUI-Xcode-Template */;
			targetProxy = 3F5F8AE52A37199A000EDF02 /* PBXContainerItemProxy */;
		};
/* End PBXTargetDependency section */

/* Begin XCBuildConfiguration section */
		3F5F8AEC2A37199A000EDF02 /* Debug */ = {
			isa = XCBuildConfiguration;
			buildSettings = {
				ALWAYS_SEARCH_USER_PATHS = NO;
				CLANG_ANALYZER_NONNULL = YES;
				CLANG_ANALYZER_NUMBER_OBJECT_CONVERSION = YES_AGGRESSIVE;
				CLANG_CXX_LANGUAGE_STANDARD = "gnu++20";
				CLANG_ENABLE_MODULES = YES;
				CLANG_ENABLE_OBJC_ARC = YES;
				CLANG_ENABLE_OBJC_WEAK = YES;
				CLANG_WARN_BLOCK_CAPTURE_AUTORELEASING = YES;
				CLANG_WARN_BOOL_CONVERSION = YES;
				CLANG_WARN_COMMA = YES;
				CLANG_WARN_CONSTANT_CONVERSION = YES;
				CLANG_WARN_DEPRECATED_OBJC_IMPLEMENTATIONS = YES;
				CLANG_WARN_DIRECT_OBJC_ISA_USAGE = YES_ERROR;
				CLANG_WARN_DOCUMENTATION_COMMENTS = YES;
				CLANG_WARN_EMPTY_BODY = YES;
				CLANG_WARN_ENUM_CONVERSION = YES;
				CLANG_WARN_INFINITE_RECURSION = YES;
				CLANG_WARN_INT_CONVERSION = YES;
				CLANG_WARN_NON_LITERAL_NULL_CONVERSION = YES;
				CLANG_WARN_OBJC_IMPLICIT_RETAIN_SELF = YES;
				CLANG_WARN_OBJC_LITERAL_CONVERSION = YES;
				CLANG_WARN_OBJC_ROOT_CLASS = YES_ERROR;
				CLANG_WARN_QUOTED_INCLUDE_IN_FRAMEWORK_HEADER = YES;
				CLANG_WARN_RANGE_LOOP_ANALYSIS = YES;
				CLANG_WARN_STRICT_PROTOTYPES = YES;
				CLANG_WARN_SUSPICIOUS_MOVE = YES;
				CLANG_WARN_UNGUARDED_AVAILABILITY = YES_AGGRESSIVE;
				CLANG_WARN_UNREACHABLE_CODE = YES;
				CLANG_WARN__DUPLICATE_METHOD_MATCH = YES;
				COPY_PHASE_STRIP = NO;
				DEBUG_INFORMATION_FORMAT = dwarf;
				ENABLE_STRICT_OBJC_MSGSEND = YES;
				ENABLE_TESTABILITY = YES;
				GCC_C_LANGUAGE_STANDARD = gnu11;
				GCC_DYNAMIC_NO_PIC = NO;
				GCC_NO_COMMON_BLOCKS = YES;
				GCC_OPTIMIZATION_LEVEL = 0;
				GCC_PREPROCESSOR_DEFINITIONS = (
					"DEBUG=1",
					"$(inherited)",
				);
				GCC_WARN_64_TO_32_BIT_CONVERSION = YES;
				GCC_WARN_ABOUT_RETURN_TYPE = YES_ERROR;
				GCC_WARN_UNDECLARED_SELECTOR = YES;
				GCC_WARN_UNINITIALIZED_AUTOS = YES_AGGRESSIVE;
				GCC_WARN_UNUSED_FUNCTION = YES;
				GCC_WARN_UNUSED_VARIABLE = YES;
				IPHONEOS_DEPLOYMENT_TARGET = 16.4;
				MTL_ENABLE_DEBUG_INFO = INCLUDE_SOURCE;
				MTL_FAST_MATH = YES;
				ONLY_ACTIVE_ARCH = YES;
				SDKROOT = iphoneos;
				SWIFT_ACTIVE_COMPILATION_CONDITIONS = DEBUG;
				SWIFT_OPTIMIZATION_LEVEL = "-Onone";
			};
			name = Debug;
		};
		3F5F8AED2A37199A000EDF02 /* Release */ = {
			isa = XCBuildConfiguration;
			buildSettings = {
				ALWAYS_SEARCH_USER_PATHS = NO;
				CLANG_ANALYZER_NONNULL = YES;
				CLANG_ANALYZER_NUMBER_OBJECT_CONVERSION = YES_AGGRESSIVE;
				CLANG_CXX_LANGUAGE_STANDARD = "gnu++20";
				CLANG_ENABLE_MODULES = YES;
				CLANG_ENABLE_OBJC_ARC = YES;
				CLANG_ENABLE_OBJC_WEAK = YES;
				CLANG_WARN_BLOCK_CAPTURE_AUTORELEASING = YES;
				CLANG_WARN_BOOL_CONVERSION = YES;
				CLANG_WARN_COMMA = YES;
				CLANG_WARN_CONSTANT_CONVERSION = YES;
				CLANG_WARN_DEPRECATED_OBJC_IMPLEMENTATIONS = YES;
				CLANG_WARN_DIRECT_OBJC_ISA_USAGE = YES_ERROR;
				CLANG_WARN_DOCUMENTATION_COMMENTS = YES;
				CLANG_WARN_EMPTY_BODY = YES;
				CLANG_WARN_ENUM_CONVERSION = YES;
				CLANG_WARN_INFINITE_RECURSION = YES;
				CLANG_WARN_INT_CONVERSION = YES;
				CLANG_WARN_NON_LITERAL_NULL_CONVERSION = YES;
				CLANG_WARN_OBJC_IMPLICIT_RETAIN_SELF = YES;
				CLANG_WARN_OBJC_LITERAL_CONVERSION = YES;
				CLANG_WARN_OBJC_ROOT_CLASS = YES_ERROR;
				CLANG_WARN_QUOTED_INCLUDE_IN_FRAMEWORK_HEADER = YES;
				CLANG_WARN_RANGE_LOOP_ANALYSIS = YES;
				CLANG_WARN_STRICT_PROTOTYPES = YES;
				CLANG_WARN_SUSPICIOUS_MOVE = YES;
				CLANG_WARN_UNGUARDED_AVAILABILITY = YES_AGGRESSIVE;
				CLANG_WARN_UNREACHABLE_CODE = YES;
				CLANG_WARN__DUPLICATE_METHOD_MATCH = YES;
				COPY_PHASE_STRIP = NO;
				DEBUG_INFORMATION_FORMAT = "dwarf-with-dsym";
				ENABLE_NS_ASSERTIONS = NO;
				ENABLE_STRICT_OBJC_MSGSEND = YES;
				GCC_C_LANGUAGE_STANDARD = gnu11;
				GCC_NO_COMMON_BLOCKS = YES;
				GCC_WARN_64_TO_32_BIT_CONVERSION = YES;
				GCC_WARN_ABOUT_RETURN_TYPE = YES_ERROR;
				GCC_WARN_UNDECLARED_SELECTOR = YES;
				GCC_WARN_UNINITIALIZED_AUTOS = YES_AGGRESSIVE;
				GCC_WARN_UNUSED_FUNCTION = YES;
				GCC_WARN_UNUSED_VARIABLE = YES;
				IPHONEOS_DEPLOYMENT_TARGET = 16.4;
				MTL_ENABLE_DEBUG_INFO = NO;
				MTL_FAST_MATH = YES;
				SDKROOT = iphoneos;
				SWIFT_COMPILATION_MODE = wholemodule;
				SWIFT_OPTIMIZATION_LEVEL = "-O";
				VALIDATE_PRODUCT = YES;
			};
			name = Release;
		};
		3F5F8AEF2A37199A000EDF02 /* Debug */ = {
			isa = XCBuildConfiguration;
			buildSettings = {
				ASSETCATALOG_COMPILER_APPICON_NAME = AppIcon;
				ASSETCATALOG_COMPILER_GLOBAL_ACCENT_COLOR_NAME = AccentColor;
				CODE_SIGN_STYLE = Automatic;
				CURRENT_PROJECT_VERSION = 1;
				DEVELOPMENT_ASSET_PATHS = "\"SwiftUI-Xcode-Template/Preview Content\"";
				ENABLE_PREVIEWS = YES;
				GENERATE_INFOPLIST_FILE = YES;
				INFOPLIST_KEY_UIApplicationSceneManifest_Generation = YES;
				INFOPLIST_KEY_UIApplicationSupportsIndirectInputEvents = YES;
				INFOPLIST_KEY_UILaunchScreen_Generation = YES;
				INFOPLIST_KEY_UISupportedInterfaceOrientations_iPad = "UIInterfaceOrientationPortrait UIInterfaceOrientationPortraitUpsideDown UIInterfaceOrientationLandscapeLeft UIInterfaceOrientationLandscapeRight";
				INFOPLIST_KEY_UISupportedInterfaceOrientations_iPhone = "UIInterfaceOrientationPortrait UIInterfaceOrientationLandscapeLeft UIInterfaceOrientationLandscapeRight";
				LD_RUNPATH_SEARCH_PATHS = (
					"$(inherited)",
					"@executable_path/Frameworks",
				);
				MARKETING_VERSION = 1.0;
				PRODUCT_BUNDLE_IDENTIFIER = "examples.giolodi.SwiftUI-Xcode-Template";
				PRODUCT_NAME = "$(TARGET_NAME)";
				SWIFT_EMIT_LOC_STRINGS = YES;
				SWIFT_VERSION = 5.0;
				TARGETED_DEVICE_FAMILY = "1,2";
			};
			name = Debug;
		};
		3F5F8AF02A37199A000EDF02 /* Release */ = {
			isa = XCBuildConfiguration;
			buildSettings = {
				ASSETCATALOG_COMPILER_APPICON_NAME = AppIcon;
				ASSETCATALOG_COMPILER_GLOBAL_ACCENT_COLOR_NAME = AccentColor;
				CODE_SIGN_STYLE = Automatic;
				CURRENT_PROJECT_VERSION = 1;
				DEVELOPMENT_ASSET_PATHS = "\"SwiftUI-Xcode-Template/Preview Content\"";
				ENABLE_PREVIEWS = YES;
				GENERATE_INFOPLIST_FILE = YES;
				INFOPLIST_KEY_UIApplicationSceneManifest_Generation = YES;
				INFOPLIST_KEY_UIApplicationSupportsIndirectInputEvents = YES;
				INFOPLIST_KEY_UILaunchScreen_Generation = YES;
				INFOPLIST_KEY_UISupportedInterfaceOrientations_iPad = "UIInterfaceOrientationPortrait UIInterfaceOrientationPortraitUpsideDown UIInterfaceOrientationLandscapeLeft UIInterfaceOrientationLandscapeRight";
				INFOPLIST_KEY_UISupportedInterfaceOrientations_iPhone = "UIInterfaceOrientationPortrait UIInterfaceOrientationLandscapeLeft UIInterfaceOrientationLandscapeRight";
				LD_RUNPATH_SEARCH_PATHS = (
					"$(inherited)",
					"@executable_path/Frameworks",
				);
				MARKETING_VERSION = 1.0;
				PRODUCT_BUNDLE_IDENTIFIER = "examples.giolodi.SwiftUI-Xcode-Template";
				PRODUCT_NAME = "$(TARGET_NAME)";
				SWIFT_EMIT_LOC_STRINGS = YES;
				SWIFT_VERSION = 5.0;
				TARGETED_DEVICE_FAMILY = "1,2";
			};
			name = Release;
		};
		3F5F8AF22A37199A000EDF02 /* Debug */ = {
			isa = XCBuildConfiguration;
			buildSettings = {
				ALWAYS_EMBED_SWIFT_STANDARD_LIBRARIES = YES;
				BUNDLE_LOADER = "$(TEST_HOST)";
				CODE_SIGN_STYLE = Automatic;
				CURRENT_PROJECT_VERSION = 1;
				GENERATE_INFOPLIST_FILE = YES;
				IPHONEOS_DEPLOYMENT_TARGET = 16.4;
				MARKETING_VERSION = 1.0;
				PRODUCT_BUNDLE_IDENTIFIER = "examples.giolodi.SwiftUI-Xcode-TemplateTests";
				PRODUCT_NAME = "$(TARGET_NAME)";
				SWIFT_EMIT_LOC_STRINGS = NO;
				SWIFT_VERSION = 5.0;
				TARGETED_DEVICE_FAMILY = "1,2";
				TEST_HOST = "$(BUILT_PRODUCTS_DIR)/SwiftUI-Xcode-Template.app/$(BUNDLE_EXECUTABLE_FOLDER_PATH)/SwiftUI-Xcode-Template";
			};
			name = Debug;
		};
		3F5F8AF32A37199A000EDF02 /* Release */ = {
			isa = XCBuildConfiguration;
			buildSettings = {
				ALWAYS_EMBED_SWIFT_STANDARD_LIBRARIES = YES;
				BUNDLE_LOADER = "$(TEST_HOST)";
				CODE_SIGN_STYLE = Automatic;
				CURRENT_PROJECT_VERSION = 1;
				GENERATE_INFOPLIST_FILE = YES;
				IPHONEOS_DEPLOYMENT_TARGET = 16.4;
				MARKETING_VERSION = 1.0;
				PRODUCT_BUNDLE_IDENTIFIER = "examples.giolodi.SwiftUI-Xcode-TemplateTests";
				PRODUCT_NAME = "$(TARGET_NAME)";
				SWIFT_EMIT_LOC_STRINGS = NO;
				SWIFT_VERSION = 5.0;
				TARGETED_DEVICE_FAMILY = "1,2";
				TEST_HOST = "$(BUILT_PRODUCTS_DIR)/SwiftUI-Xcode-Template.app/$(BUNDLE_EXECUTABLE_FOLDER_PATH)/SwiftUI-Xcode-Template";
			};
			name = Release;
		};
		3F5F8AF52A37199A000EDF02 /* Debug */ = {
			isa = XCBuildConfiguration;
			buildSettings = {
				ALWAYS_EMBED_SWIFT_STANDARD_LIBRARIES = YES;
				CODE_SIGN_STYLE = Automatic;
				CURRENT_PROJECT_VERSION = 1;
				GENERATE_INFOPLIST_FILE = YES;
				MARKETING_VERSION = 1.0;
				PRODUCT_BUNDLE_IDENTIFIER = "examples.giolodi.SwiftUI-Xcode-TemplateUITests";
				PRODUCT_NAME = "$(TARGET_NAME)";
				SWIFT_EMIT_LOC_STRINGS = NO;
				SWIFT_VERSION = 5.0;
				TARGETED_DEVICE_FAMILY = "1,2";
				TEST_TARGET_NAME = "SwiftUI-Xcode-Template";
			};
			name = Debug;
		};
		3F5F8AF62A37199A000EDF02 /* Release */ = {
			isa = XCBuildConfiguration;
			buildSettings = {
				ALWAYS_EMBED_SWIFT_STANDARD_LIBRARIES = YES;
				CODE_SIGN_STYLE = Automatic;
				CURRENT_PROJECT_VERSION = 1;
				GENERATE_INFOPLIST_FILE = YES;
				MARKETING_VERSION = 1.0;
				PRODUCT_BUNDLE_IDENTIFIER = "examples.giolodi.SwiftUI-Xcode-TemplateUITests";
				PRODUCT_NAME = "$(TARGET_NAME)";
				SWIFT_EMIT_LOC_STRINGS = NO;
				SWIFT_VERSION = 5.0;
				TARGETED_DEVICE_FAMILY = "1,2";
				TEST_TARGET_NAME = "SwiftUI-Xcode-Template";
			};
			name = Release;
		};
/* End XCBuildConfiguration section */

/* Begin XCConfigurationList section */
		3F5F8AC52A371999000EDF02 /* Build configuration list for PBXProject "SwiftUI-Xcode-Template" */ = {
			isa = XCConfigurationList;
			buildConfigurations = (
				3F5F8AEC2A37199A000EDF02 /* Debug */,
				3F5F8AED2A37199A000EDF02 /* Release */,
			);
			defaultConfigurationIsVisible = 0;
			defaultConfigurationName = Release;
		};
		3F5F8AEE2A37199A000EDF02 /* Build configuration list for PBXNativeTarget "SwiftUI-Xcode-Template" */ = {
			isa = XCConfigurationList;
			buildConfigurations = (
				3F5F8AEF2A37199A000EDF02 /* Debug */,
				3F5F8AF02A37199A000EDF02 /* Release */,
			);
			defaultConfigurationIsVisible = 0;
			defaultConfigurationName = Release;
		};
		3F5F8AF12A37199A000EDF02 /* Build configuration list for PBXNativeTarget "SwiftUI-Xcode-TemplateTests" */ = {
			isa = XCConfigurationList;
			buildConfigurations = (
				3F5F8AF22A37199A000EDF02 /* Debug */,
				3F5F8AF32A37199A000EDF02 /* Release */,
			);
			defaultConfigurationIsVisible = 0;
			defaultConfigurationName = Release;
		};
		3F5F8AF42A37199A000EDF02 /* Build configuration list for PBXNativeTarget "SwiftUI-Xcode-TemplateUITests" */ = {
			isa = XCConfigurationList;
			buildConfigurations = (
				3F5F8AF52A37199A000EDF02 /* Debug */,
				3F5F8AF62A37199A000EDF02 /* Release */,
			);
			defaultConfigurationIsVisible = 0;
			defaultConfigurationName = Release;
		};
/* End XCConfigurationList section */
	};
	rootObject = 3F5F8AC22A371999000EDF02 /* Project object */;
}
