// !$*UTF8*$!
{
	archiveVersion = 1;
	classes = {
	};
	objectVersion = 56;
	objects = {

/* Begin PBXBuildFile section */
		3FB0AC632A371A5D00D22CA2 /* SwiftUI_Xcode_TemplateApp.swift in Sources */ = {isa = PBXBuildFile; fileRef = 3FB0AC622A371A5D00D22CA2 /* SwiftUI_Xcode_TemplateApp.swift */; };
		3FB0AC652A371A5D00D22CA2 /* ContentView.swift in Sources */ = {isa = PBXBuildFile; fileRef = 3FB0AC642A371A5D00D22CA2 /* ContentView.swift */; };
		3FB0AC672A371A5E00D22CA2 /* Assets.xcassets in Resources */ = {isa = PBXBuildFile; fileRef = 3FB0AC662A371A5E00D22CA2 /* Assets.xcassets */; };
		3FB0AC6A2A371A5E00D22CA2 /* Preview Assets.xcassets in Resources */ = {isa = PBXBuildFile; fileRef = 3FB0AC692A371A5E00D22CA2 /* Preview Assets.xcassets */; };
		3FB0AC742A371A5E00D22CA2 /* SwiftUI_Xcode_TemplateTests.swift in Sources */ = {isa = PBXBuildFile; fileRef = 3FB0AC732A371A5E00D22CA2 /* SwiftUI_Xcode_TemplateTests.swift */; };
		3FB0AC7E2A371A5E00D22CA2 /* SwiftUI_Xcode_TemplateUITests.swift in Sources */ = {isa = PBXBuildFile; fileRef = 3FB0AC7D2A371A5E00D22CA2 /* SwiftUI_Xcode_TemplateUITests.swift */; };
		3FB0AC802A371A5E00D22CA2 /* SwiftUI_Xcode_TemplateUITestsLaunchTests.swift in Sources */ = {isa = PBXBuildFile; fileRef = 3FB0AC7F2A371A5E00D22CA2 /* SwiftUI_Xcode_TemplateUITestsLaunchTests.swift */; };
/* End PBXBuildFile section */

/* Begin PBXContainerItemProxy section */
		3FB0AC702A371A5E00D22CA2 /* PBXContainerItemProxy */ = {
			isa = PBXContainerItemProxy;
			containerPortal = 3FB0AC572A371A5D00D22CA2 /* Project object */;
			proxyType = 1;
			remoteGlobalIDString = 3FB0AC5E2A371A5D00D22CA2;
			remoteInfo = "SwiftUI-Xcode-Template";
		};
		3FB0AC7A2A371A5E00D22CA2 /* PBXContainerItemProxy */ = {
			isa = PBXContainerItemProxy;
			containerPortal = 3FB0AC572A371A5D00D22CA2 /* Project object */;
			proxyType = 1;
			remoteGlobalIDString = 3FB0AC5E2A371A5D00D22CA2;
			remoteInfo = "SwiftUI-Xcode-Template";
		};
/* End PBXContainerItemProxy section */

/* Begin PBXFileReference section */
		3FB0AC5F2A371A5D00D22CA2 /* SwiftUI-Xcode-Template.app */ = {isa = PBXFileReference; explicitFileType = wrapper.application; includeInIndex = 0; path = "SwiftUI-Xcode-Template.app"; sourceTree = BUILT_PRODUCTS_DIR; };
		3FB0AC622A371A5D00D22CA2 /* SwiftUI_Xcode_TemplateApp.swift */ = {isa = PBXFileReference; lastKnownFileType = sourcecode.swift; path = SwiftUI_Xcode_TemplateApp.swift; sourceTree = "<group>"; };
		3FB0AC642A371A5D00D22CA2 /* ContentView.swift */ = {isa = PBXFileReference; lastKnownFileType = sourcecode.swift; path = ContentView.swift; sourceTree = "<group>"; };
		3FB0AC662A371A5E00D22CA2 /* Assets.xcassets */ = {isa = PBXFileReference; lastKnownFileType = folder.assetcatalog; path = Assets.xcassets; sourceTree = "<group>"; };
		3FB0AC692A371A5E00D22CA2 /* Preview Assets.xcassets */ = {isa = PBXFileReference; lastKnownFileType = folder.assetcatalog; path = "Preview Assets.xcassets"; sourceTree = "<group>"; };
		3FB0AC6F2A371A5E00D22CA2 /* SwiftUI-Xcode-TemplateTests.xctest */ = {isa = PBXFileReference; explicitFileType = wrapper.cfbundle; includeInIndex = 0; path = "SwiftUI-Xcode-TemplateTests.xctest"; sourceTree = BUILT_PRODUCTS_DIR; };
		3FB0AC732A371A5E00D22CA2 /* SwiftUI_Xcode_TemplateTests.swift */ = {isa = PBXFileReference; lastKnownFileType = sourcecode.swift; path = SwiftUI_Xcode_TemplateTests.swift; sourceTree = "<group>"; };
		3FB0AC792A371A5E00D22CA2 /* SwiftUI-Xcode-TemplateUITests.xctest */ = {isa = PBXFileReference; explicitFileType = wrapper.cfbundle; includeInIndex = 0; path = "SwiftUI-Xcode-TemplateUITests.xctest"; sourceTree = BUILT_PRODUCTS_DIR; };
		3FB0AC7D2A371A5E00D22CA2 /* SwiftUI_Xcode_TemplateUITests.swift */ = {isa = PBXFileReference; lastKnownFileType = sourcecode.swift; path = SwiftUI_Xcode_TemplateUITests.swift; sourceTree = "<group>"; };
		3FB0AC7F2A371A5E00D22CA2 /* SwiftUI_Xcode_TemplateUITestsLaunchTests.swift */ = {isa = PBXFileReference; lastKnownFileType = sourcecode.swift; path = SwiftUI_Xcode_TemplateUITestsLaunchTests.swift; sourceTree = "<group>"; };
/* End PBXFileReference section */

/* Begin PBXFrameworksBuildPhase section */
		3FB0AC5C2A371A5D00D22CA2 /* Frameworks */ = {
			isa = PBXFrameworksBuildPhase;
			buildActionMask = 2147483647;
			files = (
			);
			runOnlyForDeploymentPostprocessing = 0;
		};
		3FB0AC6C2A371A5E00D22CA2 /* Frameworks */ = {
			isa = PBXFrameworksBuildPhase;
			buildActionMask = 2147483647;
			files = (
			);
			runOnlyForDeploymentPostprocessing = 0;
		};
		3FB0AC762A371A5E00D22CA2 /* Frameworks */ = {
			isa = PBXFrameworksBuildPhase;
			buildActionMask = 2147483647;
			files = (
			);
			runOnlyForDeploymentPostprocessing = 0;
		};
/* End PBXFrameworksBuildPhase section */

/* Begin PBXGroup section */
		3FB0AC562A371A5D00D22CA2 = {
			isa = PBXGroup;
			children = (
				3FB0AC612A371A5D00D22CA2 /* SwiftUI-Xcode-Template */,
				3FB0AC722A371A5E00D22CA2 /* SwiftUI-Xcode-TemplateTests */,
				3FB0AC7C2A371A5E00D22CA2 /* SwiftUI-Xcode-TemplateUITests */,
				3FB0AC602A371A5D00D22CA2 /* Products */,
			);
			sourceTree = "<group>";
		};
		3FB0AC602A371A5D00D22CA2 /* Products */ = {
			isa = PBXGroup;
			children = (
				3FB0AC5F2A371A5D00D22CA2 /* SwiftUI-Xcode-Template.app */,
				3FB0AC6F2A371A5E00D22CA2 /* SwiftUI-Xcode-TemplateTests.xctest */,
				3FB0AC792A371A5E00D22CA2 /* SwiftUI-Xcode-TemplateUITests.xctest */,
			);
			name = Products;
			sourceTree = "<group>";
		};
		3FB0AC612A371A5D00D22CA2 /* SwiftUI-Xcode-Template */ = {
			isa = PBXGroup;
			children = (
				3FB0AC622A371A5D00D22CA2 /* SwiftUI_Xcode_TemplateApp.swift */,
				3FB0AC642A371A5D00D22CA2 /* ContentView.swift */,
				3FB0AC662A371A5E00D22CA2 /* Assets.xcassets */,
				3FB0AC682A371A5E00D22CA2 /* Preview Content */,
			);
			path = "SwiftUI-Xcode-Template";
			sourceTree = "<group>";
		};
		3FB0AC682A371A5E00D22CA2 /* Preview Content */ = {
			isa = PBXGroup;
			children = (
				3FB0AC692A371A5E00D22CA2 /* Preview Assets.xcassets */,
			);
			path = "Preview Content";
			sourceTree = "<group>";
		};
		3FB0AC722A371A5E00D22CA2 /* SwiftUI-Xcode-TemplateTests */ = {
			isa = PBXGroup;
			children = (
				3FB0AC732A371A5E00D22CA2 /* SwiftUI_Xcode_TemplateTests.swift */,
			);
			path = "SwiftUI-Xcode-TemplateTests";
			sourceTree = "<group>";
		};
		3FB0AC7C2A371A5E00D22CA2 /* SwiftUI-Xcode-TemplateUITests */ = {
			isa = PBXGroup;
			children = (
				3FB0AC7D2A371A5E00D22CA2 /* SwiftUI_Xcode_TemplateUITests.swift */,
				3FB0AC7F2A371A5E00D22CA2 /* SwiftUI_Xcode_TemplateUITestsLaunchTests.swift */,
			);
			path = "SwiftUI-Xcode-TemplateUITests";
			sourceTree = "<group>";
		};
/* End PBXGroup section */

/* Begin PBXNativeTarget section */
		3FB0AC5E2A371A5D00D22CA2 /* SwiftUI-Xcode-Template */ = {
			isa = PBXNativeTarget;
			buildConfigurationList = 3FB0AC832A371A5E00D22CA2 /* Build configuration list for PBXNativeTarget "SwiftUI-Xcode-Template" */;
			buildPhases = (
				3FB0AC5B2A371A5D00D22CA2 /* Sources */,
				3FB0AC5C2A371A5D00D22CA2 /* Frameworks */,
				3FB0AC5D2A371A5D00D22CA2 /* Resources */,
			);
			buildRules = (
			);
			dependencies = (
			);
			name = "SwiftUI-Xcode-Template";
			productName = "SwiftUI-Xcode-Template";
			productReference = 3FB0AC5F2A371A5D00D22CA2 /* SwiftUI-Xcode-Template.app */;
			productType = "com.apple.product-type.application";
		};
		3FB0AC6E2A371A5E00D22CA2 /* SwiftUI-Xcode-TemplateTests */ = {
			isa = PBXNativeTarget;
			buildConfigurationList = 3FB0AC862A371A5E00D22CA2 /* Build configuration list for PBXNativeTarget "SwiftUI-Xcode-TemplateTests" */;
			buildPhases = (
				3FB0AC6B2A371A5E00D22CA2 /* Sources */,
				3FB0AC6C2A371A5E00D22CA2 /* Frameworks */,
				3FB0AC6D2A371A5E00D22CA2 /* Resources */,
			);
			buildRules = (
			);
			dependencies = (
				3FB0AC712A371A5E00D22CA2 /* PBXTargetDependency */,
			);
			name = "SwiftUI-Xcode-TemplateTests";
			productName = "SwiftUI-Xcode-TemplateTests";
			productReference = 3FB0AC6F2A371A5E00D22CA2 /* SwiftUI-Xcode-TemplateTests.xctest */;
			productType = "com.apple.product-type.bundle.unit-test";
		};
		3FB0AC782A371A5E00D22CA2 /* SwiftUI-Xcode-TemplateUITests */ = {
			isa = PBXNativeTarget;
			buildConfigurationList = 3FB0AC892A371A5E00D22CA2 /* Build configuration list for PBXNativeTarget "SwiftUI-Xcode-TemplateUITests" */;
			buildPhases = (
				3FB0AC752A371A5E00D22CA2 /* Sources */,
				3FB0AC762A371A5E00D22CA2 /* Frameworks */,
				3FB0AC772A371A5E00D22CA2 /* Resources */,
			);
			buildRules = (
			);
			dependencies = (
				3FB0AC7B2A371A5E00D22CA2 /* PBXTargetDependency */,
			);
			name = "SwiftUI-Xcode-TemplateUITests";
			productName = "SwiftUI-Xcode-TemplateUITests";
			productReference = 3FB0AC792A371A5E00D22CA2 /* SwiftUI-Xcode-TemplateUITests.xctest */;
			productType = "com.apple.product-type.bundle.ui-testing";
		};
/* End PBXNativeTarget section */

/* Begin PBXProject section */
		3FB0AC572A371A5D00D22CA2 /* Project object */ = {
			isa = PBXProject;
			attributes = {
				BuildIndependentTargetsInParallel = 1;
				LastSwiftUpdateCheck = 1500;
				LastUpgradeCheck = 1500;
				TargetAttributes = {
					3FB0AC5E2A371A5D00D22CA2 = {
						CreatedOnToolsVersion = 15.0;
					};
					3FB0AC6E2A371A5E00D22CA2 = {
						CreatedOnToolsVersion = 15.0;
						TestTargetID = 3FB0AC5E2A371A5D00D22CA2;
					};
					3FB0AC782A371A5E00D22CA2 = {
						CreatedOnToolsVersion = 15.0;
						TestTargetID = 3FB0AC5E2A371A5D00D22CA2;
					};
				};
			};
			buildConfigurationList = 3FB0AC5A2A371A5D00D22CA2 /* Build configuration list for PBXProject "SwiftUI-Xcode-Template" */;
			compatibilityVersion = "Xcode 14.0";
			developmentRegion = en;
			hasScannedForEncodings = 0;
			knownRegions = (
				en,
				Base,
			);
			mainGroup = 3FB0AC562A371A5D00D22CA2;
			productRefGroup = 3FB0AC602A371A5D00D22CA2 /* Products */;
			projectDirPath = "";
			projectRoot = "";
			targets = (
				3FB0AC5E2A371A5D00D22CA2 /* SwiftUI-Xcode-Template */,
				3FB0AC6E2A371A5E00D22CA2 /* SwiftUI-Xcode-TemplateTests */,
				3FB0AC782A371A5E00D22CA2 /* SwiftUI-Xcode-TemplateUITests */,
			);
		};
/* End PBXProject section */

/* Begin PBXResourcesBuildPhase section */
		3FB0AC5D2A371A5D00D22CA2 /* Resources */ = {
			isa = PBXResourcesBuildPhase;
			buildActionMask = 2147483647;
			files = (
				3FB0AC6A2A371A5E00D22CA2 /* Preview Assets.xcassets in Resources */,
				3FB0AC672A371A5E00D22CA2 /* Assets.xcassets in Resources */,
			);
			runOnlyForDeploymentPostprocessing = 0;
		};
		3FB0AC6D2A371A5E00D22CA2 /* Resources */ = {
			isa = PBXResourcesBuildPhase;
			buildActionMask = 2147483647;
			files = (
			);
			runOnlyForDeploymentPostprocessing = 0;
		};
		3FB0AC772A371A5E00D22CA2 /* Resources */ = {
			isa = PBXResourcesBuildPhase;
			buildActionMask = 2147483647;
			files = (
			);
			runOnlyForDeploymentPostprocessing = 0;
		};
/* End PBXResourcesBuildPhase section */

/* Begin PBXSourcesBuildPhase section */
		3FB0AC5B2A371A5D00D22CA2 /* Sources */ = {
			isa = PBXSourcesBuildPhase;
			buildActionMask = 2147483647;
			files = (
				3FB0AC652A371A5D00D22CA2 /* ContentView.swift in Sources */,
				3FB0AC632A371A5D00D22CA2 /* SwiftUI_Xcode_TemplateApp.swift in Sources */,
			);
			runOnlyForDeploymentPostprocessing = 0;
		};
		3FB0AC6B2A371A5E00D22CA2 /* Sources */ = {
			isa = PBXSourcesBuildPhase;
			buildActionMask = 2147483647;
			files = (
				3FB0AC742A371A5E00D22CA2 /* SwiftUI_Xcode_TemplateTests.swift in Sources */,
			);
			runOnlyForDeploymentPostprocessing = 0;
		};
		3FB0AC752A371A5E00D22CA2 /* Sources */ = {
			isa = PBXSourcesBuildPhase;
			buildActionMask = 2147483647;
			files = (
				3FB0AC802A371A5E00D22CA2 /* SwiftUI_Xcode_TemplateUITestsLaunchTests.swift in Sources */,
				3FB0AC7E2A371A5E00D22CA2 /* SwiftUI_Xcode_TemplateUITests.swift in Sources */,
			);
			runOnlyForDeploymentPostprocessing = 0;
		};
/* End PBXSourcesBuildPhase section */

/* Begin PBXTargetDependency section */
		3FB0AC712A371A5E00D22CA2 /* PBXTargetDependency */ = {
			isa = PBXTargetDependency;
			target = 3FB0AC5E2A371A5D00D22CA2 /* SwiftUI-Xcode-Template */;
			targetProxy = 3FB0AC702A371A5E00D22CA2 /* PBXContainerItemProxy */;
		};
		3FB0AC7B2A371A5E00D22CA2 /* PBXTargetDependency */ = {
			isa = PBXTargetDependency;
			target = 3FB0AC5E2A371A5D00D22CA2 /* SwiftUI-Xcode-Template */;
			targetProxy = 3FB0AC7A2A371A5E00D22CA2 /* PBXContainerItemProxy */;
		};
/* End PBXTargetDependency section */

/* Begin XCBuildConfiguration section */
		3FB0AC812A371A5E00D22CA2 /* Debug */ = {
			isa = XCBuildConfiguration;
			buildSettings = {
				ALWAYS_SEARCH_USER_PATHS = NO;
				ASSETCATALOG_COMPILER_GENERATE_SWIFT_ASSET_SYMBOL_EXTENSIONS = YES;
				CLANG_ANALYZER_NONNULL = YES;
				CLANG_ANALYZER_NUMBER_OBJECT_CONVERSION = YES_AGGRESSIVE;
				CLANG_CXX_LANGUAGE_STANDARD = "gnu++20";
				CLANG_ENABLE_MODULES = YES;
				CLANG_ENABLE_OBJC_ARC = YES;
				CLANG_ENABLE_OBJC_WEAK = YES;
				CLANG_WARN_BLOCK_CAPTURE_AUTORELEASING = YES;
				CLANG_WARN_BOOL_CONVERSION = YES;
				CLANG_WARN_COMMA = YES;
				CLANG_WARN_CONSTANT_CONVERSION = YES;
				CLANG_WARN_DEPRECATED_OBJC_IMPLEMENTATIONS = YES;
				CLANG_WARN_DIRECT_OBJC_ISA_USAGE = YES_ERROR;
				CLANG_WARN_DOCUMENTATION_COMMENTS = YES;
				CLANG_WARN_EMPTY_BODY = YES;
				CLANG_WARN_ENUM_CONVERSION = YES;
				CLANG_WARN_INFINITE_RECURSION = YES;
				CLANG_WARN_INT_CONVERSION = YES;
				CLANG_WARN_NON_LITERAL_NULL_CONVERSION = YES;
				CLANG_WARN_OBJC_IMPLICIT_RETAIN_SELF = YES;
				CLANG_WARN_OBJC_LITERAL_CONVERSION = YES;
				CLANG_WARN_OBJC_ROOT_CLASS = YES_ERROR;
				CLANG_WARN_QUOTED_INCLUDE_IN_FRAMEWORK_HEADER = YES;
				CLANG_WARN_RANGE_LOOP_ANALYSIS = YES;
				CLANG_WARN_STRICT_PROTOTYPES = YES;
				CLANG_WARN_SUSPICIOUS_MOVE = YES;
				CLANG_WARN_UNGUARDED_AVAILABILITY = YES_AGGRESSIVE;
				CLANG_WARN_UNREACHABLE_CODE = YES;
				CLANG_WARN__DUPLICATE_METHOD_MATCH = YES;
				COPY_PHASE_STRIP = NO;
				DEBUG_INFORMATION_FORMAT = dwarf;
				ENABLE_STRICT_OBJC_MSGSEND = YES;
				ENABLE_TESTABILITY = YES;
				ENABLE_USER_SCRIPT_SANDBOXING = YES;
				GCC_C_LANGUAGE_STANDARD = gnu17;
				GCC_DYNAMIC_NO_PIC = NO;
				GCC_NO_COMMON_BLOCKS = YES;
				GCC_OPTIMIZATION_LEVEL = 0;
				GCC_PREPROCESSOR_DEFINITIONS = (
					"DEBUG=1",
					"$(inherited)",
				);
				GCC_WARN_64_TO_32_BIT_CONVERSION = YES;
				GCC_WARN_ABOUT_RETURN_TYPE = YES_ERROR;
				GCC_WARN_UNDECLARED_SELECTOR = YES;
				GCC_WARN_UNINITIALIZED_AUTOS = YES_AGGRESSIVE;
				GCC_WARN_UNUSED_FUNCTION = YES;
				GCC_WARN_UNUSED_VARIABLE = YES;
				IPHONEOS_DEPLOYMENT_TARGET = 17.0;
				LOCALIZATION_PREFERS_STRING_CATALOGS = YES;
				MTL_ENABLE_DEBUG_INFO = INCLUDE_SOURCE;
				MTL_FAST_MATH = YES;
				ONLY_ACTIVE_ARCH = YES;
				SDKROOT = iphoneos;
				SWIFT_ACTIVE_COMPILATION_CONDITIONS = "DEBUG $(inherited)";
				SWIFT_OPTIMIZATION_LEVEL = "-Onone";
			};
			name = Debug;
		};
		3FB0AC822A371A5E00D22CA2 /* Release */ = {
			isa = XCBuildConfiguration;
			buildSettings = {
				ALWAYS_SEARCH_USER_PATHS = NO;
				ASSETCATALOG_COMPILER_GENERATE_SWIFT_ASSET_SYMBOL_EXTENSIONS = YES;
				CLANG_ANALYZER_NONNULL = YES;
				CLANG_ANALYZER_NUMBER_OBJECT_CONVERSION = YES_AGGRESSIVE;
				CLANG_CXX_LANGUAGE_STANDARD = "gnu++20";
				CLANG_ENABLE_MODULES = YES;
				CLANG_ENABLE_OBJC_ARC = YES;
				CLANG_ENABLE_OBJC_WEAK = YES;
				CLANG_WARN_BLOCK_CAPTURE_AUTORELEASING = YES;
				CLANG_WARN_BOOL_CONVERSION = YES;
				CLANG_WARN_COMMA = YES;
				CLANG_WARN_CONSTANT_CONVERSION = YES;
				CLANG_WARN_DEPRECATED_OBJC_IMPLEMENTATIONS = YES;
				CLANG_WARN_DIRECT_OBJC_ISA_USAGE = YES_ERROR;
				CLANG_WARN_DOCUMENTATION_COMMENTS = YES;
				CLANG_WARN_EMPTY_BODY = YES;
				CLANG_WARN_ENUM_CONVERSION = YES;
				CLANG_WARN_INFINITE_RECURSION = YES;
				CLANG_WARN_INT_CONVERSION = YES;
				CLANG_WARN_NON_LITERAL_NULL_CONVERSION = YES;
				CLANG_WARN_OBJC_IMPLICIT_RETAIN_SELF = YES;
				CLANG_WARN_OBJC_LITERAL_CONVERSION = YES;
				CLANG_WARN_OBJC_ROOT_CLASS = YES_ERROR;
				CLANG_WARN_QUOTED_INCLUDE_IN_FRAMEWORK_HEADER = YES;
				CLANG_WARN_RANGE_LOOP_ANALYSIS = YES;
				CLANG_WARN_STRICT_PROTOTYPES = YES;
				CLANG_WARN_SUSPICIOUS_MOVE = YES;
				CLANG_WARN_UNGUARDED_AVAILABILITY = YES_AGGRESSIVE;
				CLANG_WARN_UNREACHABLE_CODE = YES;
				CLANG_WARN__DUPLICATE_METHOD_MATCH = YES;
				COPY_PHASE_STRIP = NO;
				DEBUG_INFORMATION_FORMAT = "dwarf-with-dsym";
				ENABLE_NS_ASSERTIONS = NO;
				ENABLE_STRICT_OBJC_MSGSEND = YES;
				ENABLE_USER_SCRIPT_SANDBOXING = YES;
				GCC_C_LANGUAGE_STANDARD = gnu17;
				GCC_NO_COMMON_BLOCKS = YES;
				GCC_WARN_64_TO_32_BIT_CONVERSION = YES;
				GCC_WARN_ABOUT_RETURN_TYPE = YES_ERROR;
				GCC_WARN_UNDECLARED_SELECTOR = YES;
				GCC_WARN_UNINITIALIZED_AUTOS = YES_AGGRESSIVE;
				GCC_WARN_UNUSED_FUNCTION = YES;
				GCC_WARN_UNUSED_VARIABLE = YES;
				IPHONEOS_DEPLOYMENT_TARGET = 17.0;
				LOCALIZATION_PREFERS_STRING_CATALOGS = YES;
				MTL_ENABLE_DEBUG_INFO = NO;
				MTL_FAST_MATH = YES;
				SDKROOT = iphoneos;
				SWIFT_COMPILATION_MODE = wholemodule;
				VALIDATE_PRODUCT = YES;
			};
			name = Release;
		};
		3FB0AC842A371A5E00D22CA2 /* Debug */ = {
			isa = XCBuildConfiguration;
			buildSettings = {
				ASSETCATALOG_COMPILER_APPICON_NAME = AppIcon;
				ASSETCATALOG_COMPILER_GLOBAL_ACCENT_COLOR_NAME = AccentColor;
				CODE_SIGN_STYLE = Automatic;
				CURRENT_PROJECT_VERSION = 1;
				DEVELOPMENT_ASSET_PATHS = "\"SwiftUI-Xcode-Template/Preview Content\"";
				ENABLE_PREVIEWS = YES;
				GENERATE_INFOPLIST_FILE = YES;
				INFOPLIST_KEY_UIApplicationSceneManifest_Generation = YES;
				INFOPLIST_KEY_UIApplicationSupportsIndirectInputEvents = YES;
				INFOPLIST_KEY_UILaunchScreen_Generation = YES;
				INFOPLIST_KEY_UISupportedInterfaceOrientations_iPad = "UIInterfaceOrientationPortrait UIInterfaceOrientationPortraitUpsideDown UIInterfaceOrientationLandscapeLeft UIInterfaceOrientationLandscapeRight";
				INFOPLIST_KEY_UISupportedInterfaceOrientations_iPhone = "UIInterfaceOrientationPortrait UIInterfaceOrientationLandscapeLeft UIInterfaceOrientationLandscapeRight";
				LD_RUNPATH_SEARCH_PATHS = (
					"$(inherited)",
					"@executable_path/Frameworks",
				);
				MARKETING_VERSION = 1.0;
				PRODUCT_BUNDLE_IDENTIFIER = "examples.giolodi.SwiftUI-Xcode-Template";
				PRODUCT_NAME = "$(TARGET_NAME)";
				SWIFT_EMIT_LOC_STRINGS = YES;
				SWIFT_VERSION = 5.0;
				TARGETED_DEVICE_FAMILY = "1,2";
			};
			name = Debug;
		};
		3FB0AC852A371A5E00D22CA2 /* Release */ = {
			isa = XCBuildConfiguration;
			buildSettings = {
				ASSETCATALOG_COMPILER_APPICON_NAME = AppIcon;
				ASSETCATALOG_COMPILER_GLOBAL_ACCENT_COLOR_NAME = AccentColor;
				CODE_SIGN_STYLE = Automatic;
				CURRENT_PROJECT_VERSION = 1;
				DEVELOPMENT_ASSET_PATHS = "\"SwiftUI-Xcode-Template/Preview Content\"";
				ENABLE_PREVIEWS = YES;
				GENERATE_INFOPLIST_FILE = YES;
				INFOPLIST_KEY_UIApplicationSceneManifest_Generation = YES;
				INFOPLIST_KEY_UIApplicationSupportsIndirectInputEvents = YES;
				INFOPLIST_KEY_UILaunchScreen_Generation = YES;
				INFOPLIST_KEY_UISupportedInterfaceOrientations_iPad = "UIInterfaceOrientationPortrait UIInterfaceOrientationPortraitUpsideDown UIInterfaceOrientationLandscapeLeft UIInterfaceOrientationLandscapeRight";
				INFOPLIST_KEY_UISupportedInterfaceOrientations_iPhone = "UIInterfaceOrientationPortrait UIInterfaceOrientationLandscapeLeft UIInterfaceOrientationLandscapeRight";
				LD_RUNPATH_SEARCH_PATHS = (
					"$(inherited)",
					"@executable_path/Frameworks",
				);
				MARKETING_VERSION = 1.0;
				PRODUCT_BUNDLE_IDENTIFIER = "examples.giolodi.SwiftUI-Xcode-Template";
				PRODUCT_NAME = "$(TARGET_NAME)";
				SWIFT_EMIT_LOC_STRINGS = YES;
				SWIFT_VERSION = 5.0;
				TARGETED_DEVICE_FAMILY = "1,2";
			};
			name = Release;
		};
		3FB0AC872A371A5E00D22CA2 /* Debug */ = {
			isa = XCBuildConfiguration;
			buildSettings = {
				ALWAYS_EMBED_SWIFT_STANDARD_LIBRARIES = YES;
				BUNDLE_LOADER = "$(TEST_HOST)";
				CODE_SIGN_STYLE = Automatic;
				CURRENT_PROJECT_VERSION = 1;
				GENERATE_INFOPLIST_FILE = YES;
				IPHONEOS_DEPLOYMENT_TARGET = 17.0;
				MARKETING_VERSION = 1.0;
				PRODUCT_BUNDLE_IDENTIFIER = "examples.giolodi.SwiftUI-Xcode-TemplateTests";
				PRODUCT_NAME = "$(TARGET_NAME)";
				SWIFT_EMIT_LOC_STRINGS = NO;
				SWIFT_VERSION = 5.0;
				TARGETED_DEVICE_FAMILY = "1,2";
				TEST_HOST = "$(BUILT_PRODUCTS_DIR)/SwiftUI-Xcode-Template.app/$(BUNDLE_EXECUTABLE_FOLDER_PATH)/SwiftUI-Xcode-Template";
			};
			name = Debug;
		};
		3FB0AC882A371A5E00D22CA2 /* Release */ = {
			isa = XCBuildConfiguration;
			buildSettings = {
				ALWAYS_EMBED_SWIFT_STANDARD_LIBRARIES = YES;
				BUNDLE_LOADER = "$(TEST_HOST)";
				CODE_SIGN_STYLE = Automatic;
				CURRENT_PROJECT_VERSION = 1;
				GENERATE_INFOPLIST_FILE = YES;
				IPHONEOS_DEPLOYMENT_TARGET = 17.0;
				MARKETING_VERSION = 1.0;
				PRODUCT_BUNDLE_IDENTIFIER = "examples.giolodi.SwiftUI-Xcode-TemplateTests";
				PRODUCT_NAME = "$(TARGET_NAME)";
				SWIFT_EMIT_LOC_STRINGS = NO;
				SWIFT_VERSION = 5.0;
				TARGETED_DEVICE_FAMILY = "1,2";
				TEST_HOST = "$(BUILT_PRODUCTS_DIR)/SwiftUI-Xcode-Template.app/$(BUNDLE_EXECUTABLE_FOLDER_PATH)/SwiftUI-Xcode-Template";
			};
			name = Release;
		};
		3FB0AC8A2A371A5E00D22CA2 /* Debug */ = {
			isa = XCBuildConfiguration;
			buildSettings = {
				ALWAYS_EMBED_SWIFT_STANDARD_LIBRARIES = YES;
				CODE_SIGN_STYLE = Automatic;
				CURRENT_PROJECT_VERSION = 1;
				GENERATE_INFOPLIST_FILE = YES;
				MARKETING_VERSION = 1.0;
				PRODUCT_BUNDLE_IDENTIFIER = "examples.giolodi.SwiftUI-Xcode-TemplateUITests";
				PRODUCT_NAME = "$(TARGET_NAME)";
				SWIFT_EMIT_LOC_STRINGS = NO;
				SWIFT_VERSION = 5.0;
				TARGETED_DEVICE_FAMILY = "1,2";
				TEST_TARGET_NAME = "SwiftUI-Xcode-Template";
			};
			name = Debug;
		};
		3FB0AC8B2A371A5E00D22CA2 /* Release */ = {
			isa = XCBuildConfiguration;
			buildSettings = {
				ALWAYS_EMBED_SWIFT_STANDARD_LIBRARIES = YES;
				CODE_SIGN_STYLE = Automatic;
				CURRENT_PROJECT_VERSION = 1;
				GENERATE_INFOPLIST_FILE = YES;
				MARKETING_VERSION = 1.0;
				PRODUCT_BUNDLE_IDENTIFIER = "examples.giolodi.SwiftUI-Xcode-TemplateUITests";
				PRODUCT_NAME = "$(TARGET_NAME)";
				SWIFT_EMIT_LOC_STRINGS = NO;
				SWIFT_VERSION = 5.0;
				TARGETED_DEVICE_FAMILY = "1,2";
				TEST_TARGET_NAME = "SwiftUI-Xcode-Template";
			};
			name = Release;
		};
/* End XCBuildConfiguration section */

/* Begin XCConfigurationList section */
		3FB0AC5A2A371A5D00D22CA2 /* Build configuration list for PBXProject "SwiftUI-Xcode-Template" */ = {
			isa = XCConfigurationList;
			buildConfigurations = (
				3FB0AC812A371A5E00D22CA2 /* Debug */,
				3FB0AC822A371A5E00D22CA2 /* Release */,
			);
			defaultConfigurationIsVisible = 0;
			defaultConfigurationName = Release;
		};
		3FB0AC832A371A5E00D22CA2 /* Build configuration list for PBXNativeTarget "SwiftUI-Xcode-Template" */ = {
			isa = XCConfigurationList;
			buildConfigurations = (
				3FB0AC842A371A5E00D22CA2 /* Debug */,
				3FB0AC852A371A5E00D22CA2 /* Release */,
			);
			defaultConfigurationIsVisible = 0;
			defaultConfigurationName = Release;
		};
		3FB0AC862A371A5E00D22CA2 /* Build configuration list for PBXNativeTarget "SwiftUI-Xcode-TemplateTests" */ = {
			isa = XCConfigurationList;
			buildConfigurations = (
				3FB0AC872A371A5E00D22CA2 /* Debug */,
				3FB0AC882A371A5E00D22CA2 /* Release */,
			);
			defaultConfigurationIsVisible = 0;
			defaultConfigurationName = Release;
		};
		3FB0AC892A371A5E00D22CA2 /* Build configuration list for PBXNativeTarget "SwiftUI-Xcode-TemplateUITests" */ = {
			isa = XCConfigurationList;
			buildConfigurations = (
				3FB0AC8A2A371A5E00D22CA2 /* Debug */,
				3FB0AC8B2A371A5E00D22CA2 /* Release */,
			);
			defaultConfigurationIsVisible = 0;
			defaultConfigurationName = Release;
		};
/* End XCConfigurationList section */
	};
	rootObject = 3FB0AC572A371A5D00D22CA2 /* Project object */;
}
